// !$*UTF8*$!
{
	archiveVersion = 1;
	classes = {
	};
	objectVersion = 56;
	objects = {

/* Begin PBXBuildFile section */
		39F4D5FDD15E604F20384D8B /* Pods_EnglishMessenger.framework in Frameworks */ = {isa = PBXBuildFile; fileRef = F9F708B03441EBB0677C228B /* Pods_EnglishMessenger.framework */; };
		83103EB02B7F574300932A96 /* EnglishMessengerApp.swift in Sources */ = {isa = PBXBuildFile; fileRef = 83103EAF2B7F574300932A96 /* EnglishMessengerApp.swift */; };
		83103EB22B7F574300932A96 /* StartView.swift in Sources */ = {isa = PBXBuildFile; fileRef = 83103EB12B7F574300932A96 /* StartView.swift */; };
		83103EB42B7F574700932A96 /* Assets.xcassets in Resources */ = {isa = PBXBuildFile; fileRef = 83103EB32B7F574700932A96 /* Assets.xcassets */; };
		83103EB72B7F574700932A96 /* Preview Assets.xcassets in Resources */ = {isa = PBXBuildFile; fileRef = 83103EB62B7F574700932A96 /* Preview Assets.xcassets */; };
		83103EC02B7F5EA900932A96 /* Localizable.strings in Resources */ = {isa = PBXBuildFile; fileRef = 83103EBF2B7F5EA900932A96 /* Localizable.strings */; };
		83103EC22B7F5EB600932A96 /* Strings.swift in Sources */ = {isa = PBXBuildFile; fileRef = 83103EC12B7F5EB600932A96 /* Strings.swift */; };
		83103EC42B7F5EC600932A96 /* Colors.swift in Sources */ = {isa = PBXBuildFile; fileRef = 83103EC32B7F5EC600932A96 /* Colors.swift */; };
		83103ECF2B7F91EF00932A96 /* AppContainer.swift in Sources */ = {isa = PBXBuildFile; fileRef = 83103ECE2B7F91EF00932A96 /* AppContainer.swift */; };
		83103ED12B7F924800932A96 /* StartNavigationRouter.swift in Sources */ = {isa = PBXBuildFile; fileRef = 83103ED02B7F924800932A96 /* StartNavigationRouter.swift */; };
		83103ED42B7F940600932A96 /* ButtonView.swift in Sources */ = {isa = PBXBuildFile; fileRef = 83103ED32B7F940600932A96 /* ButtonView.swift */; };
		83103ED62B7F993F00932A96 /* StartViewModel.swift in Sources */ = {isa = PBXBuildFile; fileRef = 83103ED52B7F993F00932A96 /* StartViewModel.swift */; };
		83103EDA2B7F9B9800932A96 /* RegistrationView.swift in Sources */ = {isa = PBXBuildFile; fileRef = 83103ED92B7F9B9800932A96 /* RegistrationView.swift */; };
		83103EDC2B7F9BA500932A96 /* AuthorizationView.swift in Sources */ = {isa = PBXBuildFile; fileRef = 83103EDB2B7F9BA500932A96 /* AuthorizationView.swift */; };
		83103EDE2B7F9DA900932A96 /* RegistrationViewModel.swift in Sources */ = {isa = PBXBuildFile; fileRef = 83103EDD2B7F9DA900932A96 /* RegistrationViewModel.swift */; };
		83103EE02B7FD75100932A96 /* AuthorizationViewModel.swift in Sources */ = {isa = PBXBuildFile; fileRef = 83103EDF2B7FD75100932A96 /* AuthorizationViewModel.swift */; };
		83103EE32B7FF73C00932A96 /* ProfileView.swift in Sources */ = {isa = PBXBuildFile; fileRef = 83103EE22B7FF73C00932A96 /* ProfileView.swift */; };
		831AE0682B80CAC300C5B6AF /* ProfileViewModel.swift in Sources */ = {isa = PBXBuildFile; fileRef = 831AE0672B80CAC300C5B6AF /* ProfileViewModel.swift */; };
		831AE06A2B80CDCB00C5B6AF /* StartNavigation.swift in Sources */ = {isa = PBXBuildFile; fileRef = 831AE0692B80CDCB00C5B6AF /* StartNavigation.swift */; };
		831AE06D2B80D87500C5B6AF /* BaseModelMapper.swift in Sources */ = {isa = PBXBuildFile; fileRef = 831AE06C2B80D87500C5B6AF /* BaseModelMapper.swift */; };
		831AE06F2B80D93E00C5B6AF /* UserRegistration.swift in Sources */ = {isa = PBXBuildFile; fileRef = 831AE06E2B80D93E00C5B6AF /* UserRegistration.swift */; };
		831AE0722B80DFCA00C5B6AF /* Provider.swift in Sources */ = {isa = PBXBuildFile; fileRef = 831AE0712B80DFCA00C5B6AF /* Provider.swift */; };
		831AE0752B80E12D00C5B6AF /* Alamofire in Frameworks */ = {isa = PBXBuildFile; productRef = 831AE0742B80E12D00C5B6AF /* Alamofire */; };
		831AE0782B80E1ED00C5B6AF /* CombineMoya in Frameworks */ = {isa = PBXBuildFile; productRef = 831AE0772B80E1ED00C5B6AF /* CombineMoya */; };
		831AE07A2B80E1ED00C5B6AF /* Moya in Frameworks */ = {isa = PBXBuildFile; productRef = 831AE0792B80E1ED00C5B6AF /* Moya */; };
		831AE07C2B80E1ED00C5B6AF /* ReactiveMoya in Frameworks */ = {isa = PBXBuildFile; productRef = 831AE07B2B80E1ED00C5B6AF /* ReactiveMoya */; };
		831AE07E2B80E1ED00C5B6AF /* RxMoya in Frameworks */ = {isa = PBXBuildFile; productRef = 831AE07D2B80E1ED00C5B6AF /* RxMoya */; };
		831AE0802B80E21900C5B6AF /* RegistrationEndpoint.swift in Sources */ = {isa = PBXBuildFile; fileRef = 831AE07F2B80E21900C5B6AF /* RegistrationEndpoint.swift */; };
		831AE0822B80F4F000C5B6AF /* GeneralAPI.swift in Sources */ = {isa = PBXBuildFile; fileRef = 831AE0812B80F4F000C5B6AF /* GeneralAPI.swift */; };
		831AE0842B80F55000C5B6AF /* ErrorAPI.swift in Sources */ = {isa = PBXBuildFile; fileRef = 831AE0832B80F55000C5B6AF /* ErrorAPI.swift */; };
		831AE0892B80F87E00C5B6AF /* AuthorizationEndpoint.swift in Sources */ = {isa = PBXBuildFile; fileRef = 831AE0882B80F87E00C5B6AF /* AuthorizationEndpoint.swift */; };
		831AE08B2B80F8B900C5B6AF /* UserAuthorization.swift in Sources */ = {isa = PBXBuildFile; fileRef = 831AE08A2B80F8B900C5B6AF /* UserAuthorization.swift */; };
		831AE08E2B81081E00C5B6AF /* AuthenticationService.swift in Sources */ = {isa = PBXBuildFile; fileRef = 831AE08D2B81081E00C5B6AF /* AuthenticationService.swift */; };
		831AE0912B81089A00C5B6AF /* UserStorage.swift in Sources */ = {isa = PBXBuildFile; fileRef = 831AE0902B81089A00C5B6AF /* UserStorage.swift */; };
		831AE0932B811FD700C5B6AF /* ServerUser.swift in Sources */ = {isa = PBXBuildFile; fileRef = 831AE0922B811FD700C5B6AF /* ServerUser.swift */; };
		831AE0952B81203800C5B6AF /* User.swift in Sources */ = {isa = PBXBuildFile; fileRef = 831AE0942B81203800C5B6AF /* User.swift */; };
		831AE0972B8120B300C5B6AF /* UserModelMapper.swift in Sources */ = {isa = PBXBuildFile; fileRef = 831AE0962B8120B300C5B6AF /* UserModelMapper.swift */; };
		831AE09A2B81236300C5B6AF /* CombineExt in Frameworks */ = {isa = PBXBuildFile; productRef = 831AE0992B81236300C5B6AF /* CombineExt */; };
		8331F8422B95FD2300058CEC /* ServerTest.swift in Sources */ = {isa = PBXBuildFile; fileRef = 8331F8412B95FD2300058CEC /* ServerTest.swift */; };
		8331F8442B95FE6600058CEC /* LocalTest.swift in Sources */ = {isa = PBXBuildFile; fileRef = 8331F8432B95FE6600058CEC /* LocalTest.swift */; };
		8331F8462B95FE9700058CEC /* TestModelMapper.swift in Sources */ = {isa = PBXBuildFile; fileRef = 8331F8452B95FE9700058CEC /* TestModelMapper.swift */; };
		8331F8482B96014B00058CEC /* TestEndpoint.swift in Sources */ = {isa = PBXBuildFile; fileRef = 8331F8472B96014B00058CEC /* TestEndpoint.swift */; };
		8331F84A2B96317E00058CEC /* Answer.swift in Sources */ = {isa = PBXBuildFile; fileRef = 8331F8492B96317E00058CEC /* Answer.swift */; };
		8334B75D2B9DFFA80087716F /* Onboarding.swift in Sources */ = {isa = PBXBuildFile; fileRef = 8334B75C2B9DFFA80087716F /* Onboarding.swift */; };
		8334B75F2B9E02050087716F /* OnboardingEndpoint.swift in Sources */ = {isa = PBXBuildFile; fileRef = 8334B75E2B9E02050087716F /* OnboardingEndpoint.swift */; };
		83385A7C2B96FA6F007CC6FB /* TestResultsView.swift in Sources */ = {isa = PBXBuildFile; fileRef = 83385A7B2B96FA6F007CC6FB /* TestResultsView.swift */; };
		83385A7E2B970790007CC6FB /* TestResultsEndpoint.swift in Sources */ = {isa = PBXBuildFile; fileRef = 83385A7D2B970790007CC6FB /* TestResultsEndpoint.swift */; };
		833FF9B72BA1E9490032827B /* KeyChainStorage.swift in Sources */ = {isa = PBXBuildFile; fileRef = 833FF9B62BA1E9490032827B /* KeyChainStorage.swift */; };
		833FF9B92BA1ED020032827B /* FormatDate.swift in Sources */ = {isa = PBXBuildFile; fileRef = 833FF9B82BA1ED020032827B /* FormatDate.swift */; };
		83454FBC2B95B611006E608E /* TestingViewModel.swift in Sources */ = {isa = PBXBuildFile; fileRef = 83454FBB2B95B611006E608E /* TestingViewModel.swift */; };
		83505CEE2B91E177005FD7DC /* Alice-Regular.ttf in Resources */ = {isa = PBXBuildFile; fileRef = 83505CEC2B91E177005FD7DC /* Alice-Regular.ttf */; };
		83505CEF2B91E177005FD7DC /* OFL.txt in Resources */ = {isa = PBXBuildFile; fileRef = 83505CED2B91E177005FD7DC /* OFL.txt */; };
		83505CF22B91FF97005FD7DC /* TitleTextView.swift in Sources */ = {isa = PBXBuildFile; fileRef = 83505CF12B91FF97005FD7DC /* TitleTextView.swift */; };
		83505CF42B9226D3005FD7DC /* CustomTextFieldStyle.swift in Sources */ = {isa = PBXBuildFile; fileRef = 83505CF32B9226D3005FD7DC /* CustomTextFieldStyle.swift */; };
		83505D082B922948005FD7DC /* Montserrat-LightItalic.ttf in Resources */ = {isa = PBXBuildFile; fileRef = 83505CF62B922948005FD7DC /* Montserrat-LightItalic.ttf */; };
		83505D092B922948005FD7DC /* Montserrat-Medium.ttf in Resources */ = {isa = PBXBuildFile; fileRef = 83505CF72B922948005FD7DC /* Montserrat-Medium.ttf */; };
		83505D0A2B922948005FD7DC /* Montserrat-BoldItalic.ttf in Resources */ = {isa = PBXBuildFile; fileRef = 83505CF82B922948005FD7DC /* Montserrat-BoldItalic.ttf */; };
		83505D0B2B922948005FD7DC /* Montserrat-Light.ttf in Resources */ = {isa = PBXBuildFile; fileRef = 83505CF92B922948005FD7DC /* Montserrat-Light.ttf */; };
		83505D0C2B922948005FD7DC /* Montserrat-ThinItalic.ttf in Resources */ = {isa = PBXBuildFile; fileRef = 83505CFA2B922948005FD7DC /* Montserrat-ThinItalic.ttf */; };
		83505D0D2B922948005FD7DC /* Montserrat-ExtraLight.ttf in Resources */ = {isa = PBXBuildFile; fileRef = 83505CFB2B922948005FD7DC /* Montserrat-ExtraLight.ttf */; };
		83505D0E2B922948005FD7DC /* Montserrat-Thin.ttf in Resources */ = {isa = PBXBuildFile; fileRef = 83505CFC2B922948005FD7DC /* Montserrat-Thin.ttf */; };
		83505D0F2B922948005FD7DC /* Montserrat-Bold.ttf in Resources */ = {isa = PBXBuildFile; fileRef = 83505CFD2B922948005FD7DC /* Montserrat-Bold.ttf */; };
		83505D102B922948005FD7DC /* Montserrat-MediumItalic.ttf in Resources */ = {isa = PBXBuildFile; fileRef = 83505CFE2B922948005FD7DC /* Montserrat-MediumItalic.ttf */; };
		83505D112B922948005FD7DC /* Montserrat-BlackItalic.ttf in Resources */ = {isa = PBXBuildFile; fileRef = 83505CFF2B922948005FD7DC /* Montserrat-BlackItalic.ttf */; };
		83505D122B922948005FD7DC /* Montserrat-SemiBold.ttf in Resources */ = {isa = PBXBuildFile; fileRef = 83505D002B922948005FD7DC /* Montserrat-SemiBold.ttf */; };
		83505D132B922948005FD7DC /* Montserrat-ExtraLightItalic.ttf in Resources */ = {isa = PBXBuildFile; fileRef = 83505D012B922948005FD7DC /* Montserrat-ExtraLightItalic.ttf */; };
		83505D142B922948005FD7DC /* Montserrat-ExtraBold.ttf in Resources */ = {isa = PBXBuildFile; fileRef = 83505D022B922948005FD7DC /* Montserrat-ExtraBold.ttf */; };
		83505D152B922948005FD7DC /* Montserrat-Black.ttf in Resources */ = {isa = PBXBuildFile; fileRef = 83505D032B922948005FD7DC /* Montserrat-Black.ttf */; };
		83505D162B922948005FD7DC /* Montserrat-Regular.ttf in Resources */ = {isa = PBXBuildFile; fileRef = 83505D042B922948005FD7DC /* Montserrat-Regular.ttf */; };
		83505D172B922948005FD7DC /* Montserrat-Italic.ttf in Resources */ = {isa = PBXBuildFile; fileRef = 83505D052B922948005FD7DC /* Montserrat-Italic.ttf */; };
		83505D182B922948005FD7DC /* Montserrat-SemiBoldItalic.ttf in Resources */ = {isa = PBXBuildFile; fileRef = 83505D062B922948005FD7DC /* Montserrat-SemiBoldItalic.ttf */; };
		83505D192B922948005FD7DC /* Montserrat-ExtraBoldItalic.ttf in Resources */ = {isa = PBXBuildFile; fileRef = 83505D072B922948005FD7DC /* Montserrat-ExtraBoldItalic.ttf */; };
		83505D1B2B922FE3005FD7DC /* CustomTextField.swift in Sources */ = {isa = PBXBuildFile; fileRef = 83505D1A2B922FE3005FD7DC /* CustomTextField.swift */; };
		83505D1D2B923673005FD7DC /* OnboardingNavigationView.swift in Sources */ = {isa = PBXBuildFile; fileRef = 83505D1C2B923673005FD7DC /* OnboardingNavigationView.swift */; };
		83505D202B923D91005FD7DC /* OnboardingView.swift in Sources */ = {isa = PBXBuildFile; fileRef = 83505D1F2B923D91005FD7DC /* OnboardingView.swift */; };
		83505D262B9268A0005FD7DC /* OnboardingViewModel.swift in Sources */ = {isa = PBXBuildFile; fileRef = 83505D252B9268A0005FD7DC /* OnboardingViewModel.swift */; };
		83505D282B92782D005FD7DC /* MaskedDateTextField.swift in Sources */ = {isa = PBXBuildFile; fileRef = 83505D272B92782D005FD7DC /* MaskedDateTextField.swift */; };
		83524D312BCD506900F86E2C /* SocketService.swift in Sources */ = {isa = PBXBuildFile; fileRef = 83524D302BCD506900F86E2C /* SocketService.swift */; };
		83524D332BCD545000F86E2C /* Message.swift in Sources */ = {isa = PBXBuildFile; fileRef = 83524D322BCD545000F86E2C /* Message.swift */; };
		83524D352BCD546700F86E2C /* ServerMessage.swift in Sources */ = {isa = PBXBuildFile; fileRef = 83524D342BCD546700F86E2C /* ServerMessage.swift */; };
		83524D372BCD594400F86E2C /* ChatsStartView.swift in Sources */ = {isa = PBXBuildFile; fileRef = 83524D362BCD594400F86E2C /* ChatsStartView.swift */; };
		83524D392BCD5A7B00F86E2C /* ChatsStartViewModel.swift in Sources */ = {isa = PBXBuildFile; fileRef = 83524D382BCD5A7B00F86E2C /* ChatsStartViewModel.swift */; };
		83524D3B2BCD624A00F86E2C /* UsersEndpoint.swift in Sources */ = {isa = PBXBuildFile; fileRef = 83524D3A2BCD624A00F86E2C /* UsersEndpoint.swift */; };
		83524D3E2BCD661500F86E2C /* MainNavigation.swift in Sources */ = {isa = PBXBuildFile; fileRef = 83524D3D2BCD661500F86E2C /* MainNavigation.swift */; };
		83524D402BCD663800F86E2C /* MainNavigationRouter.swift in Sources */ = {isa = PBXBuildFile; fileRef = 83524D3F2BCD663800F86E2C /* MainNavigationRouter.swift */; };
		8356A2A02BD6C1E800B89B79 /* EducationView.swift in Sources */ = {isa = PBXBuildFile; fileRef = 8356A29F2BD6C1E800B89B79 /* EducationView.swift */; };
		8356A2A32BD6CC1900B89B79 /* CardsView.swift in Sources */ = {isa = PBXBuildFile; fileRef = 8356A2A22BD6CC1900B89B79 /* CardsView.swift */; };
		8356A2A52BD6DF8600B89B79 /* CardsLearnedView.swift in Sources */ = {isa = PBXBuildFile; fileRef = 8356A2A42BD6DF8600B89B79 /* CardsLearnedView.swift */; };
		8356A2A72BD6EAAC00B89B79 /* CardsLearningView.swift in Sources */ = {isa = PBXBuildFile; fileRef = 8356A2A62BD6EAAC00B89B79 /* CardsLearningView.swift */; };
		838AF0382BBD42D8002FDA88 /* ServerInterests.swift in Sources */ = {isa = PBXBuildFile; fileRef = 838AF0372BBD42D8002FDA88 /* ServerInterests.swift */; };
		838AF03A2BBD4323002FDA88 /* LocalInterests.swift in Sources */ = {isa = PBXBuildFile; fileRef = 838AF0392BBD4323002FDA88 /* LocalInterests.swift */; };
		838AF03C2BBD434B002FDA88 /* InterestsModelMapper.swift in Sources */ = {isa = PBXBuildFile; fileRef = 838AF03B2BBD434B002FDA88 /* InterestsModelMapper.swift */; };
		838AF03F2BBD43FB002FDA88 /* InterestsEndpoint.swift in Sources */ = {isa = PBXBuildFile; fileRef = 838AF03E2BBD43FB002FDA88 /* InterestsEndpoint.swift */; };
		838AF0412BBD6315002FDA88 /* ScaleButtonStyle.swift in Sources */ = {isa = PBXBuildFile; fileRef = 838AF0402BBD6315002FDA88 /* ScaleButtonStyle.swift */; };
		838AF0442BBDAE64002FDA88 /* ChatsView.swift in Sources */ = {isa = PBXBuildFile; fileRef = 838AF0432BBDAE64002FDA88 /* ChatsView.swift */; };
		838C30382B9F708300F098EE /* ImagePicker.swift in Sources */ = {isa = PBXBuildFile; fileRef = 838C30372B9F708300F098EE /* ImagePicker.swift */; };
		83A1F7D72BD10ADF00488032 /* ChatsSearcherField.swift in Sources */ = {isa = PBXBuildFile; fileRef = 83A1F7D62BD10ADF00488032 /* ChatsSearcherField.swift */; };
		83A1F7D92BD10B3300488032 /* ChatsSearcherFieldStyle.swift in Sources */ = {isa = PBXBuildFile; fileRef = 83A1F7D82BD10B3300488032 /* ChatsSearcherFieldStyle.swift */; };
		83A1F7DB2BD10EB500488032 /* ServerGrammar.swift in Sources */ = {isa = PBXBuildFile; fileRef = 83A1F7DA2BD10EB500488032 /* ServerGrammar.swift */; };
		83A1F7DD2BD10FBA00488032 /* LocalGrammar.swift in Sources */ = {isa = PBXBuildFile; fileRef = 83A1F7DC2BD10FBA00488032 /* LocalGrammar.swift */; };
		83A1F7DF2BD1102200488032 /* GrammarModelMapper.swift in Sources */ = {isa = PBXBuildFile; fileRef = 83A1F7DE2BD1102200488032 /* GrammarModelMapper.swift */; };
		83A1F7E12BD1110500488032 /* GrammarEndpoint.swift in Sources */ = {isa = PBXBuildFile; fileRef = 83A1F7E02BD1110500488032 /* GrammarEndpoint.swift */; };
		83A40A8A2B9885C3003A284E /* MainTab.swift in Sources */ = {isa = PBXBuildFile; fileRef = 83A40A892B9885C3003A284E /* MainTab.swift */; };
		83A40A8C2B9889AA003A284E /* HomeView.swift in Sources */ = {isa = PBXBuildFile; fileRef = 83A40A8B2B9889AA003A284E /* HomeView.swift */; };
		83B035E52BCFD07E005C02BA /* SearchChatView.swift in Sources */ = {isa = PBXBuildFile; fileRef = 83B035E42BCFD07E005C02BA /* SearchChatView.swift */; };
		83B035E82BCFE290005C02BA /* CurrentScreen.swift in Sources */ = {isa = PBXBuildFile; fileRef = 83B035E72BCFE290005C02BA /* CurrentScreen.swift */; };
		83B035EA2BD001C4005C02BA /* ChatsStorage.swift in Sources */ = {isa = PBXBuildFile; fileRef = 83B035E92BD001C4005C02BA /* ChatsStorage.swift */; };
		83B035EE2BD04147005C02BA /* ChatsViewModel.swift in Sources */ = {isa = PBXBuildFile; fileRef = 83B035ED2BD04147005C02BA /* ChatsViewModel.swift */; };
		83B3D5E52BCE97F200B62413 /* MessagesEndpoint.swift in Sources */ = {isa = PBXBuildFile; fileRef = 83B3D5E42BCE97F200B62413 /* MessagesEndpoint.swift */; };
		83B3D5E72BCE996A00B62413 /* MessagesModelMapper.swift in Sources */ = {isa = PBXBuildFile; fileRef = 83B3D5E62BCE996A00B62413 /* MessagesModelMapper.swift */; };
		83BD01EE2B93698A0059AB53 /* TestingView.swift in Sources */ = {isa = PBXBuildFile; fileRef = 83BD01ED2B93698A0059AB53 /* TestingView.swift */; };
		83BD01F02B936ABB0059AB53 /* BackButtonView.swift in Sources */ = {isa = PBXBuildFile; fileRef = 83BD01EF2B936ABB0059AB53 /* BackButtonView.swift */; };
		83BD01F62B936B620059AB53 /* TestProgressView.swift in Sources */ = {isa = PBXBuildFile; fileRef = 83BD01F52B936B620059AB53 /* TestProgressView.swift */; };
		83C2B3162B94D73900B69E69 /* TestButtonView.swift in Sources */ = {isa = PBXBuildFile; fileRef = 83C2B3152B94D73900B69E69 /* TestButtonView.swift */; };
		83C2B3182B94EE9C00B69E69 /* PurpleButtonView.swift in Sources */ = {isa = PBXBuildFile; fileRef = 83C2B3172B94EE9C00B69E69 /* PurpleButtonView.swift */; };
		83C8F6BA2BD29C6B00FEBE79 /* GenerateDialogEndpoint.swift in Sources */ = {isa = PBXBuildFile; fileRef = 83C8F6B92BD29C6B00FEBE79 /* GenerateDialogEndpoint.swift */; };
		83F740752BA06BEA004BA2F4 /* SDWebImageSwiftUI in Frameworks */ = {isa = PBXBuildFile; productRef = 83F740742BA06BEA004BA2F4 /* SDWebImageSwiftUI */; };
/* End PBXBuildFile section */

/* Begin PBXFileReference section */
		83103EAC2B7F574300932A96 /* EnglishMessenger.app */ = {isa = PBXFileReference; explicitFileType = wrapper.application; includeInIndex = 0; path = EnglishMessenger.app; sourceTree = BUILT_PRODUCTS_DIR; };
		83103EAF2B7F574300932A96 /* EnglishMessengerApp.swift */ = {isa = PBXFileReference; lastKnownFileType = sourcecode.swift; path = EnglishMessengerApp.swift; sourceTree = "<group>"; };
		83103EB12B7F574300932A96 /* StartView.swift */ = {isa = PBXFileReference; lastKnownFileType = sourcecode.swift; path = StartView.swift; sourceTree = "<group>"; };
		83103EB32B7F574700932A96 /* Assets.xcassets */ = {isa = PBXFileReference; lastKnownFileType = folder.assetcatalog; path = Assets.xcassets; sourceTree = "<group>"; };
		83103EB62B7F574700932A96 /* Preview Assets.xcassets */ = {isa = PBXFileReference; lastKnownFileType = folder.assetcatalog; path = "Preview Assets.xcassets"; sourceTree = "<group>"; };
		83103EBF2B7F5EA900932A96 /* Localizable.strings */ = {isa = PBXFileReference; lastKnownFileType = text.plist.strings; path = Localizable.strings; sourceTree = "<group>"; };
		83103EC12B7F5EB600932A96 /* Strings.swift */ = {isa = PBXFileReference; lastKnownFileType = sourcecode.swift; path = Strings.swift; sourceTree = "<group>"; };
		83103EC32B7F5EC600932A96 /* Colors.swift */ = {isa = PBXFileReference; lastKnownFileType = sourcecode.swift; path = Colors.swift; sourceTree = "<group>"; };
		83103ECE2B7F91EF00932A96 /* AppContainer.swift */ = {isa = PBXFileReference; lastKnownFileType = sourcecode.swift; path = AppContainer.swift; sourceTree = "<group>"; };
		83103ED02B7F924800932A96 /* StartNavigationRouter.swift */ = {isa = PBXFileReference; lastKnownFileType = sourcecode.swift; path = StartNavigationRouter.swift; sourceTree = "<group>"; };
		83103ED32B7F940600932A96 /* ButtonView.swift */ = {isa = PBXFileReference; lastKnownFileType = sourcecode.swift; path = ButtonView.swift; sourceTree = "<group>"; };
		83103ED52B7F993F00932A96 /* StartViewModel.swift */ = {isa = PBXFileReference; lastKnownFileType = sourcecode.swift; path = StartViewModel.swift; sourceTree = "<group>"; };
		83103ED92B7F9B9800932A96 /* RegistrationView.swift */ = {isa = PBXFileReference; lastKnownFileType = sourcecode.swift; path = RegistrationView.swift; sourceTree = "<group>"; };
		83103EDB2B7F9BA500932A96 /* AuthorizationView.swift */ = {isa = PBXFileReference; lastKnownFileType = sourcecode.swift; path = AuthorizationView.swift; sourceTree = "<group>"; };
		83103EDD2B7F9DA900932A96 /* RegistrationViewModel.swift */ = {isa = PBXFileReference; lastKnownFileType = sourcecode.swift; path = RegistrationViewModel.swift; sourceTree = "<group>"; };
		83103EDF2B7FD75100932A96 /* AuthorizationViewModel.swift */ = {isa = PBXFileReference; lastKnownFileType = sourcecode.swift; path = AuthorizationViewModel.swift; sourceTree = "<group>"; };
		83103EE22B7FF73C00932A96 /* ProfileView.swift */ = {isa = PBXFileReference; lastKnownFileType = sourcecode.swift; path = ProfileView.swift; sourceTree = "<group>"; };
		831AE0672B80CAC300C5B6AF /* ProfileViewModel.swift */ = {isa = PBXFileReference; lastKnownFileType = sourcecode.swift; path = ProfileViewModel.swift; sourceTree = "<group>"; };
		831AE0692B80CDCB00C5B6AF /* StartNavigation.swift */ = {isa = PBXFileReference; lastKnownFileType = sourcecode.swift; path = StartNavigation.swift; sourceTree = "<group>"; };
		831AE06C2B80D87500C5B6AF /* BaseModelMapper.swift */ = {isa = PBXFileReference; lastKnownFileType = sourcecode.swift; path = BaseModelMapper.swift; sourceTree = "<group>"; };
		831AE06E2B80D93E00C5B6AF /* UserRegistration.swift */ = {isa = PBXFileReference; lastKnownFileType = sourcecode.swift; path = UserRegistration.swift; sourceTree = "<group>"; };
		831AE0712B80DFCA00C5B6AF /* Provider.swift */ = {isa = PBXFileReference; lastKnownFileType = sourcecode.swift; path = Provider.swift; sourceTree = "<group>"; };
		831AE07F2B80E21900C5B6AF /* RegistrationEndpoint.swift */ = {isa = PBXFileReference; lastKnownFileType = sourcecode.swift; path = RegistrationEndpoint.swift; sourceTree = "<group>"; };
		831AE0812B80F4F000C5B6AF /* GeneralAPI.swift */ = {isa = PBXFileReference; lastKnownFileType = sourcecode.swift; path = GeneralAPI.swift; sourceTree = "<group>"; };
		831AE0832B80F55000C5B6AF /* ErrorAPI.swift */ = {isa = PBXFileReference; lastKnownFileType = sourcecode.swift; path = ErrorAPI.swift; sourceTree = "<group>"; };
		831AE0882B80F87E00C5B6AF /* AuthorizationEndpoint.swift */ = {isa = PBXFileReference; lastKnownFileType = sourcecode.swift; path = AuthorizationEndpoint.swift; sourceTree = "<group>"; };
		831AE08A2B80F8B900C5B6AF /* UserAuthorization.swift */ = {isa = PBXFileReference; lastKnownFileType = sourcecode.swift; path = UserAuthorization.swift; sourceTree = "<group>"; };
		831AE08D2B81081E00C5B6AF /* AuthenticationService.swift */ = {isa = PBXFileReference; lastKnownFileType = sourcecode.swift; path = AuthenticationService.swift; sourceTree = "<group>"; };
		831AE0902B81089A00C5B6AF /* UserStorage.swift */ = {isa = PBXFileReference; lastKnownFileType = sourcecode.swift; path = UserStorage.swift; sourceTree = "<group>"; };
		831AE0922B811FD700C5B6AF /* ServerUser.swift */ = {isa = PBXFileReference; lastKnownFileType = sourcecode.swift; path = ServerUser.swift; sourceTree = "<group>"; };
		831AE0942B81203800C5B6AF /* User.swift */ = {isa = PBXFileReference; lastKnownFileType = sourcecode.swift; path = User.swift; sourceTree = "<group>"; };
		831AE0962B8120B300C5B6AF /* UserModelMapper.swift */ = {isa = PBXFileReference; lastKnownFileType = sourcecode.swift; path = UserModelMapper.swift; sourceTree = "<group>"; };
		8331F8412B95FD2300058CEC /* ServerTest.swift */ = {isa = PBXFileReference; lastKnownFileType = sourcecode.swift; path = ServerTest.swift; sourceTree = "<group>"; };
		8331F8432B95FE6600058CEC /* LocalTest.swift */ = {isa = PBXFileReference; lastKnownFileType = sourcecode.swift; path = LocalTest.swift; sourceTree = "<group>"; };
		8331F8452B95FE9700058CEC /* TestModelMapper.swift */ = {isa = PBXFileReference; lastKnownFileType = sourcecode.swift; path = TestModelMapper.swift; sourceTree = "<group>"; };
		8331F8472B96014B00058CEC /* TestEndpoint.swift */ = {isa = PBXFileReference; lastKnownFileType = sourcecode.swift; path = TestEndpoint.swift; sourceTree = "<group>"; };
		8331F8492B96317E00058CEC /* Answer.swift */ = {isa = PBXFileReference; lastKnownFileType = sourcecode.swift; path = Answer.swift; sourceTree = "<group>"; };
		8334B75C2B9DFFA80087716F /* Onboarding.swift */ = {isa = PBXFileReference; lastKnownFileType = sourcecode.swift; path = Onboarding.swift; sourceTree = "<group>"; };
		8334B75E2B9E02050087716F /* OnboardingEndpoint.swift */ = {isa = PBXFileReference; lastKnownFileType = sourcecode.swift; path = OnboardingEndpoint.swift; sourceTree = "<group>"; };
		83385A7B2B96FA6F007CC6FB /* TestResultsView.swift */ = {isa = PBXFileReference; lastKnownFileType = sourcecode.swift; path = TestResultsView.swift; sourceTree = "<group>"; };
		83385A7D2B970790007CC6FB /* TestResultsEndpoint.swift */ = {isa = PBXFileReference; lastKnownFileType = sourcecode.swift; path = TestResultsEndpoint.swift; sourceTree = "<group>"; };
		833FF9B62BA1E9490032827B /* KeyChainStorage.swift */ = {isa = PBXFileReference; lastKnownFileType = sourcecode.swift; path = KeyChainStorage.swift; sourceTree = "<group>"; };
		833FF9B82BA1ED020032827B /* FormatDate.swift */ = {isa = PBXFileReference; lastKnownFileType = sourcecode.swift; path = FormatDate.swift; sourceTree = "<group>"; };
		83454FBB2B95B611006E608E /* TestingViewModel.swift */ = {isa = PBXFileReference; lastKnownFileType = sourcecode.swift; path = TestingViewModel.swift; sourceTree = "<group>"; };
		83505CEC2B91E177005FD7DC /* Alice-Regular.ttf */ = {isa = PBXFileReference; lastKnownFileType = file; path = "Alice-Regular.ttf"; sourceTree = "<group>"; };
		83505CED2B91E177005FD7DC /* OFL.txt */ = {isa = PBXFileReference; fileEncoding = 4; lastKnownFileType = text; path = OFL.txt; sourceTree = "<group>"; };
		83505CF02B91F722005FD7DC /* Info.plist */ = {isa = PBXFileReference; lastKnownFileType = text.plist; path = Info.plist; sourceTree = "<group>"; };
		83505CF12B91FF97005FD7DC /* TitleTextView.swift */ = {isa = PBXFileReference; lastKnownFileType = sourcecode.swift; path = TitleTextView.swift; sourceTree = "<group>"; };
		83505CF32B9226D3005FD7DC /* CustomTextFieldStyle.swift */ = {isa = PBXFileReference; lastKnownFileType = sourcecode.swift; path = CustomTextFieldStyle.swift; sourceTree = "<group>"; };
		83505CF62B922948005FD7DC /* Montserrat-LightItalic.ttf */ = {isa = PBXFileReference; lastKnownFileType = file; path = "Montserrat-LightItalic.ttf"; sourceTree = "<group>"; };
		83505CF72B922948005FD7DC /* Montserrat-Medium.ttf */ = {isa = PBXFileReference; lastKnownFileType = file; path = "Montserrat-Medium.ttf"; sourceTree = "<group>"; };
		83505CF82B922948005FD7DC /* Montserrat-BoldItalic.ttf */ = {isa = PBXFileReference; lastKnownFileType = file; path = "Montserrat-BoldItalic.ttf"; sourceTree = "<group>"; };
		83505CF92B922948005FD7DC /* Montserrat-Light.ttf */ = {isa = PBXFileReference; lastKnownFileType = file; path = "Montserrat-Light.ttf"; sourceTree = "<group>"; };
		83505CFA2B922948005FD7DC /* Montserrat-ThinItalic.ttf */ = {isa = PBXFileReference; lastKnownFileType = file; path = "Montserrat-ThinItalic.ttf"; sourceTree = "<group>"; };
		83505CFB2B922948005FD7DC /* Montserrat-ExtraLight.ttf */ = {isa = PBXFileReference; lastKnownFileType = file; path = "Montserrat-ExtraLight.ttf"; sourceTree = "<group>"; };
		83505CFC2B922948005FD7DC /* Montserrat-Thin.ttf */ = {isa = PBXFileReference; lastKnownFileType = file; path = "Montserrat-Thin.ttf"; sourceTree = "<group>"; };
		83505CFD2B922948005FD7DC /* Montserrat-Bold.ttf */ = {isa = PBXFileReference; lastKnownFileType = file; path = "Montserrat-Bold.ttf"; sourceTree = "<group>"; };
		83505CFE2B922948005FD7DC /* Montserrat-MediumItalic.ttf */ = {isa = PBXFileReference; lastKnownFileType = file; path = "Montserrat-MediumItalic.ttf"; sourceTree = "<group>"; };
		83505CFF2B922948005FD7DC /* Montserrat-BlackItalic.ttf */ = {isa = PBXFileReference; lastKnownFileType = file; path = "Montserrat-BlackItalic.ttf"; sourceTree = "<group>"; };
		83505D002B922948005FD7DC /* Montserrat-SemiBold.ttf */ = {isa = PBXFileReference; lastKnownFileType = file; path = "Montserrat-SemiBold.ttf"; sourceTree = "<group>"; };
		83505D012B922948005FD7DC /* Montserrat-ExtraLightItalic.ttf */ = {isa = PBXFileReference; lastKnownFileType = file; path = "Montserrat-ExtraLightItalic.ttf"; sourceTree = "<group>"; };
		83505D022B922948005FD7DC /* Montserrat-ExtraBold.ttf */ = {isa = PBXFileReference; lastKnownFileType = file; path = "Montserrat-ExtraBold.ttf"; sourceTree = "<group>"; };
		83505D032B922948005FD7DC /* Montserrat-Black.ttf */ = {isa = PBXFileReference; lastKnownFileType = file; path = "Montserrat-Black.ttf"; sourceTree = "<group>"; };
		83505D042B922948005FD7DC /* Montserrat-Regular.ttf */ = {isa = PBXFileReference; lastKnownFileType = file; path = "Montserrat-Regular.ttf"; sourceTree = "<group>"; };
		83505D052B922948005FD7DC /* Montserrat-Italic.ttf */ = {isa = PBXFileReference; lastKnownFileType = file; path = "Montserrat-Italic.ttf"; sourceTree = "<group>"; };
		83505D062B922948005FD7DC /* Montserrat-SemiBoldItalic.ttf */ = {isa = PBXFileReference; lastKnownFileType = file; path = "Montserrat-SemiBoldItalic.ttf"; sourceTree = "<group>"; };
		83505D072B922948005FD7DC /* Montserrat-ExtraBoldItalic.ttf */ = {isa = PBXFileReference; lastKnownFileType = file; path = "Montserrat-ExtraBoldItalic.ttf"; sourceTree = "<group>"; };
		83505D1A2B922FE3005FD7DC /* CustomTextField.swift */ = {isa = PBXFileReference; lastKnownFileType = sourcecode.swift; path = CustomTextField.swift; sourceTree = "<group>"; };
		83505D1C2B923673005FD7DC /* OnboardingNavigationView.swift */ = {isa = PBXFileReference; lastKnownFileType = sourcecode.swift; path = OnboardingNavigationView.swift; sourceTree = "<group>"; };
		83505D1F2B923D91005FD7DC /* OnboardingView.swift */ = {isa = PBXFileReference; lastKnownFileType = sourcecode.swift; path = OnboardingView.swift; sourceTree = "<group>"; };
		83505D252B9268A0005FD7DC /* OnboardingViewModel.swift */ = {isa = PBXFileReference; lastKnownFileType = sourcecode.swift; path = OnboardingViewModel.swift; sourceTree = "<group>"; };
		83505D272B92782D005FD7DC /* MaskedDateTextField.swift */ = {isa = PBXFileReference; lastKnownFileType = sourcecode.swift; path = MaskedDateTextField.swift; sourceTree = "<group>"; };
		83524D302BCD506900F86E2C /* SocketService.swift */ = {isa = PBXFileReference; lastKnownFileType = sourcecode.swift; path = SocketService.swift; sourceTree = "<group>"; };
		83524D322BCD545000F86E2C /* Message.swift */ = {isa = PBXFileReference; lastKnownFileType = sourcecode.swift; path = Message.swift; sourceTree = "<group>"; };
		83524D342BCD546700F86E2C /* ServerMessage.swift */ = {isa = PBXFileReference; lastKnownFileType = sourcecode.swift; path = ServerMessage.swift; sourceTree = "<group>"; };
		83524D362BCD594400F86E2C /* ChatsStartView.swift */ = {isa = PBXFileReference; lastKnownFileType = sourcecode.swift; path = ChatsStartView.swift; sourceTree = "<group>"; };
		83524D382BCD5A7B00F86E2C /* ChatsStartViewModel.swift */ = {isa = PBXFileReference; lastKnownFileType = sourcecode.swift; path = ChatsStartViewModel.swift; sourceTree = "<group>"; };
		83524D3A2BCD624A00F86E2C /* UsersEndpoint.swift */ = {isa = PBXFileReference; lastKnownFileType = sourcecode.swift; path = UsersEndpoint.swift; sourceTree = "<group>"; };
		83524D3D2BCD661500F86E2C /* MainNavigation.swift */ = {isa = PBXFileReference; lastKnownFileType = sourcecode.swift; path = MainNavigation.swift; sourceTree = "<group>"; };
		83524D3F2BCD663800F86E2C /* MainNavigationRouter.swift */ = {isa = PBXFileReference; lastKnownFileType = sourcecode.swift; path = MainNavigationRouter.swift; sourceTree = "<group>"; };
		8356A29F2BD6C1E800B89B79 /* EducationView.swift */ = {isa = PBXFileReference; lastKnownFileType = sourcecode.swift; path = EducationView.swift; sourceTree = "<group>"; };
		8356A2A22BD6CC1900B89B79 /* CardsView.swift */ = {isa = PBXFileReference; lastKnownFileType = sourcecode.swift; path = CardsView.swift; sourceTree = "<group>"; };
		8356A2A42BD6DF8600B89B79 /* CardsLearnedView.swift */ = {isa = PBXFileReference; lastKnownFileType = sourcecode.swift; path = CardsLearnedView.swift; sourceTree = "<group>"; };
		8356A2A62BD6EAAC00B89B79 /* CardsLearningView.swift */ = {isa = PBXFileReference; lastKnownFileType = sourcecode.swift; path = CardsLearningView.swift; sourceTree = "<group>"; };
		838AF0372BBD42D8002FDA88 /* ServerInterests.swift */ = {isa = PBXFileReference; lastKnownFileType = sourcecode.swift; path = ServerInterests.swift; sourceTree = "<group>"; };
		838AF0392BBD4323002FDA88 /* LocalInterests.swift */ = {isa = PBXFileReference; lastKnownFileType = sourcecode.swift; path = LocalInterests.swift; sourceTree = "<group>"; };
		838AF03B2BBD434B002FDA88 /* InterestsModelMapper.swift */ = {isa = PBXFileReference; lastKnownFileType = sourcecode.swift; path = InterestsModelMapper.swift; sourceTree = "<group>"; };
		838AF03E2BBD43FB002FDA88 /* InterestsEndpoint.swift */ = {isa = PBXFileReference; lastKnownFileType = sourcecode.swift; path = InterestsEndpoint.swift; sourceTree = "<group>"; };
		838AF0402BBD6315002FDA88 /* ScaleButtonStyle.swift */ = {isa = PBXFileReference; lastKnownFileType = sourcecode.swift; path = ScaleButtonStyle.swift; sourceTree = "<group>"; };
		838AF0432BBDAE64002FDA88 /* ChatsView.swift */ = {isa = PBXFileReference; lastKnownFileType = sourcecode.swift; path = ChatsView.swift; sourceTree = "<group>"; };
		838C30372B9F708300F098EE /* ImagePicker.swift */ = {isa = PBXFileReference; lastKnownFileType = sourcecode.swift; path = ImagePicker.swift; sourceTree = "<group>"; };
		83A1F7D62BD10ADF00488032 /* ChatsSearcherField.swift */ = {isa = PBXFileReference; lastKnownFileType = sourcecode.swift; path = ChatsSearcherField.swift; sourceTree = "<group>"; };
		83A1F7D82BD10B3300488032 /* ChatsSearcherFieldStyle.swift */ = {isa = PBXFileReference; lastKnownFileType = sourcecode.swift; path = ChatsSearcherFieldStyle.swift; sourceTree = "<group>"; };
		83A1F7DA2BD10EB500488032 /* ServerGrammar.swift */ = {isa = PBXFileReference; lastKnownFileType = sourcecode.swift; path = ServerGrammar.swift; sourceTree = "<group>"; };
		83A1F7DC2BD10FBA00488032 /* LocalGrammar.swift */ = {isa = PBXFileReference; lastKnownFileType = sourcecode.swift; path = LocalGrammar.swift; sourceTree = "<group>"; };
		83A1F7DE2BD1102200488032 /* GrammarModelMapper.swift */ = {isa = PBXFileReference; lastKnownFileType = sourcecode.swift; path = GrammarModelMapper.swift; sourceTree = "<group>"; };
		83A1F7E02BD1110500488032 /* GrammarEndpoint.swift */ = {isa = PBXFileReference; lastKnownFileType = sourcecode.swift; path = GrammarEndpoint.swift; sourceTree = "<group>"; };
		83A40A892B9885C3003A284E /* MainTab.swift */ = {isa = PBXFileReference; lastKnownFileType = sourcecode.swift; path = MainTab.swift; sourceTree = "<group>"; };
		83A40A8B2B9889AA003A284E /* HomeView.swift */ = {isa = PBXFileReference; lastKnownFileType = sourcecode.swift; path = HomeView.swift; sourceTree = "<group>"; };
		83B035E42BCFD07E005C02BA /* SearchChatView.swift */ = {isa = PBXFileReference; lastKnownFileType = sourcecode.swift; path = SearchChatView.swift; sourceTree = "<group>"; };
		83B035E72BCFE290005C02BA /* CurrentScreen.swift */ = {isa = PBXFileReference; lastKnownFileType = sourcecode.swift; path = CurrentScreen.swift; sourceTree = "<group>"; };
		83B035E92BD001C4005C02BA /* ChatsStorage.swift */ = {isa = PBXFileReference; lastKnownFileType = sourcecode.swift; path = ChatsStorage.swift; sourceTree = "<group>"; };
		83B035ED2BD04147005C02BA /* ChatsViewModel.swift */ = {isa = PBXFileReference; lastKnownFileType = sourcecode.swift; path = ChatsViewModel.swift; sourceTree = "<group>"; };
		83B3D5E42BCE97F200B62413 /* MessagesEndpoint.swift */ = {isa = PBXFileReference; lastKnownFileType = sourcecode.swift; path = MessagesEndpoint.swift; sourceTree = "<group>"; };
		83B3D5E62BCE996A00B62413 /* MessagesModelMapper.swift */ = {isa = PBXFileReference; lastKnownFileType = sourcecode.swift; path = MessagesModelMapper.swift; sourceTree = "<group>"; };
		83BD01ED2B93698A0059AB53 /* TestingView.swift */ = {isa = PBXFileReference; lastKnownFileType = sourcecode.swift; path = TestingView.swift; sourceTree = "<group>"; };
		83BD01EF2B936ABB0059AB53 /* BackButtonView.swift */ = {isa = PBXFileReference; lastKnownFileType = sourcecode.swift; path = BackButtonView.swift; sourceTree = "<group>"; };
		83BD01F52B936B620059AB53 /* TestProgressView.swift */ = {isa = PBXFileReference; lastKnownFileType = sourcecode.swift; path = TestProgressView.swift; sourceTree = "<group>"; };
		83C2B3152B94D73900B69E69 /* TestButtonView.swift */ = {isa = PBXFileReference; lastKnownFileType = sourcecode.swift; path = TestButtonView.swift; sourceTree = "<group>"; };
		83C2B3172B94EE9C00B69E69 /* PurpleButtonView.swift */ = {isa = PBXFileReference; lastKnownFileType = sourcecode.swift; path = PurpleButtonView.swift; sourceTree = "<group>"; };
		83C8F6B92BD29C6B00FEBE79 /* GenerateDialogEndpoint.swift */ = {isa = PBXFileReference; lastKnownFileType = sourcecode.swift; path = GenerateDialogEndpoint.swift; sourceTree = "<group>"; };
		AB4A2B78B4A82802622FD4EB /* Pods-EnglishMessenger.debug.xcconfig */ = {isa = PBXFileReference; includeInIndex = 1; lastKnownFileType = text.xcconfig; name = "Pods-EnglishMessenger.debug.xcconfig"; path = "Target Support Files/Pods-EnglishMessenger/Pods-EnglishMessenger.debug.xcconfig"; sourceTree = "<group>"; };
		F8F9FDD544FDC7BE716239E1 /* Pods-EnglishMessenger.release.xcconfig */ = {isa = PBXFileReference; includeInIndex = 1; lastKnownFileType = text.xcconfig; name = "Pods-EnglishMessenger.release.xcconfig"; path = "Target Support Files/Pods-EnglishMessenger/Pods-EnglishMessenger.release.xcconfig"; sourceTree = "<group>"; };
		F9F708B03441EBB0677C228B /* Pods_EnglishMessenger.framework */ = {isa = PBXFileReference; explicitFileType = wrapper.framework; includeInIndex = 0; path = Pods_EnglishMessenger.framework; sourceTree = BUILT_PRODUCTS_DIR; };
/* End PBXFileReference section */

/* Begin PBXFrameworksBuildPhase section */
		83103EA92B7F574300932A96 /* Frameworks */ = {
			isa = PBXFrameworksBuildPhase;
			buildActionMask = 2147483647;
			files = (
				83F740752BA06BEA004BA2F4 /* SDWebImageSwiftUI in Frameworks */,
				831AE07E2B80E1ED00C5B6AF /* RxMoya in Frameworks */,
				831AE0782B80E1ED00C5B6AF /* CombineMoya in Frameworks */,
				831AE07C2B80E1ED00C5B6AF /* ReactiveMoya in Frameworks */,
				831AE0752B80E12D00C5B6AF /* Alamofire in Frameworks */,
				831AE09A2B81236300C5B6AF /* CombineExt in Frameworks */,
				831AE07A2B80E1ED00C5B6AF /* Moya in Frameworks */,
				39F4D5FDD15E604F20384D8B /* Pods_EnglishMessenger.framework in Frameworks */,
			);
			runOnlyForDeploymentPostprocessing = 0;
		};
/* End PBXFrameworksBuildPhase section */

/* Begin PBXGroup section */
		29F0E7FAD7AF3A99232A6FBE /* Frameworks */ = {
			isa = PBXGroup;
			children = (
				F9F708B03441EBB0677C228B /* Pods_EnglishMessenger.framework */,
			);
			name = Frameworks;
			sourceTree = "<group>";
		};
		83103EA32B7F574300932A96 = {
			isa = PBXGroup;
			children = (
				83103EAE2B7F574300932A96 /* EnglishMessenger */,
				83103EAD2B7F574300932A96 /* Products */,
				91F29E14AD713A5986835FDD /* Pods */,
				29F0E7FAD7AF3A99232A6FBE /* Frameworks */,
			);
			sourceTree = "<group>";
		};
		83103EAD2B7F574300932A96 /* Products */ = {
			isa = PBXGroup;
			children = (
				83103EAC2B7F574300932A96 /* EnglishMessenger.app */,
			);
			name = Products;
			sourceTree = "<group>";
		};
		83103EAE2B7F574300932A96 /* EnglishMessenger */ = {
			isa = PBXGroup;
			children = (
				83505CF02B91F722005FD7DC /* Info.plist */,
				83103EBD2B7F5D2900932A96 /* App */,
				83103EBE2B7F5E0400932A96 /* Resources */,
				83103EC52B7F5ED500932A96 /* Navigation */,
				83103EC62B7F5F7D00932A96 /* Models */,
				83103ECA2B7F5FE900932A96 /* Services */,
				83103ECB2B7F600200932A96 /* Helpers */,
				83103ECC2B7F601700932A96 /* Modules */,
				83103ED22B7F93E700932A96 /* Components */,
				83103EB52B7F574700932A96 /* Preview Content */,
			);
			path = EnglishMessenger;
			sourceTree = "<group>";
		};
		83103EB52B7F574700932A96 /* Preview Content */ = {
			isa = PBXGroup;
			children = (
				83103EB62B7F574700932A96 /* Preview Assets.xcassets */,
			);
			path = "Preview Content";
			sourceTree = "<group>";
		};
		83103EBD2B7F5D2900932A96 /* App */ = {
			isa = PBXGroup;
			children = (
				83103EAF2B7F574300932A96 /* EnglishMessengerApp.swift */,
			);
			path = App;
			sourceTree = "<group>";
		};
		83103EBE2B7F5E0400932A96 /* Resources */ = {
			isa = PBXGroup;
			children = (
				83505CF52B922948005FD7DC /* monteserrat */,
				83505CEB2B91E177005FD7DC /* Alice */,
				83103EB32B7F574700932A96 /* Assets.xcassets */,
				83103EBF2B7F5EA900932A96 /* Localizable.strings */,
				83103EC12B7F5EB600932A96 /* Strings.swift */,
				83103EC32B7F5EC600932A96 /* Colors.swift */,
			);
			path = Resources;
			sourceTree = "<group>";
		};
		83103EC52B7F5ED500932A96 /* Navigation */ = {
			isa = PBXGroup;
			children = (
				83524D3C2BCD660000F86E2C /* MainNavigation */,
				831AE06B2B80D50100C5B6AF /* StartNavigation */,
				83103ECE2B7F91EF00932A96 /* AppContainer.swift */,
			);
			path = Navigation;
			sourceTree = "<group>";
		};
		83103EC62B7F5F7D00932A96 /* Models */ = {
			isa = PBXGroup;
			children = (
				83103EC92B7F5F9E00932A96 /* LocalModel */,
				83103EC82B7F5F9300932A96 /* ServerModel */,
				83103EC72B7F5F8A00932A96 /* Mappers */,
			);
			path = Models;
			sourceTree = "<group>";
		};
		83103EC72B7F5F8A00932A96 /* Mappers */ = {
			isa = PBXGroup;
			children = (
				831AE06C2B80D87500C5B6AF /* BaseModelMapper.swift */,
				831AE0962B8120B300C5B6AF /* UserModelMapper.swift */,
				8331F8452B95FE9700058CEC /* TestModelMapper.swift */,
				838AF03B2BBD434B002FDA88 /* InterestsModelMapper.swift */,
				83B3D5E62BCE996A00B62413 /* MessagesModelMapper.swift */,
				83A1F7DE2BD1102200488032 /* GrammarModelMapper.swift */,
			);
			path = Mappers;
			sourceTree = "<group>";
		};
		83103EC82B7F5F9300932A96 /* ServerModel */ = {
			isa = PBXGroup;
			children = (
				831AE0922B811FD700C5B6AF /* ServerUser.swift */,
				8331F8412B95FD2300058CEC /* ServerTest.swift */,
				838AF0372BBD42D8002FDA88 /* ServerInterests.swift */,
				83524D342BCD546700F86E2C /* ServerMessage.swift */,
				83A1F7DA2BD10EB500488032 /* ServerGrammar.swift */,
			);
			path = ServerModel;
			sourceTree = "<group>";
		};
		83103EC92B7F5F9E00932A96 /* LocalModel */ = {
			isa = PBXGroup;
			children = (
				831AE06E2B80D93E00C5B6AF /* UserRegistration.swift */,
				831AE08A2B80F8B900C5B6AF /* UserAuthorization.swift */,
				831AE0942B81203800C5B6AF /* User.swift */,
				8331F8432B95FE6600058CEC /* LocalTest.swift */,
				8331F8492B96317E00058CEC /* Answer.swift */,
				8334B75C2B9DFFA80087716F /* Onboarding.swift */,
				838AF0392BBD4323002FDA88 /* LocalInterests.swift */,
				83524D322BCD545000F86E2C /* Message.swift */,
				83A1F7DC2BD10FBA00488032 /* LocalGrammar.swift */,
			);
			path = LocalModel;
			sourceTree = "<group>";
		};
		83103ECA2B7F5FE900932A96 /* Services */ = {
			isa = PBXGroup;
			children = (
				83524D2F2BCD504500F86E2C /* WebSocket */,
				838C30362B9F707100F098EE /* Image */,
				831AE08F2B81088300C5B6AF /* Storeges */,
				831AE08C2B81080500C5B6AF /* Authentication */,
				831AE0702B80DFB400C5B6AF /* Network */,
			);
			path = Services;
			sourceTree = "<group>";
		};
		83103ECB2B7F600200932A96 /* Helpers */ = {
			isa = PBXGroup;
			children = (
				83B035E62BCFE283005C02BA /* Enums */,
				833FF9B82BA1ED020032827B /* FormatDate.swift */,
			);
			path = Helpers;
			sourceTree = "<group>";
		};
		83103ECC2B7F601700932A96 /* Modules */ = {
			isa = PBXGroup;
			children = (
				8356A2A12BD6CC0B00B89B79 /* Cards */,
				8356A29E2BD6C1C400B89B79 /* Education */,
				838AF0422BBDAE58002FDA88 /* Chats */,
				83A40A872B98859D003A284E /* Home */,
				83BD01EC2B9369520059AB53 /* Test */,
				83505D1E2B923AEC005FD7DC /* Onboarding */,
				83103EE12B7FEC6600932A96 /* Profile */,
				83103ED82B7F9B7200932A96 /* Authorization */,
				83103ED72B7F9B5E00932A96 /* Registration */,
				83103ECD2B7F603100932A96 /* Start */,
			);
			path = Modules;
			sourceTree = "<group>";
		};
		83103ECD2B7F603100932A96 /* Start */ = {
			isa = PBXGroup;
			children = (
				83103EB12B7F574300932A96 /* StartView.swift */,
				83103ED52B7F993F00932A96 /* StartViewModel.swift */,
			);
			path = Start;
			sourceTree = "<group>";
		};
		83103ED22B7F93E700932A96 /* Components */ = {
			isa = PBXGroup;
			children = (
				83BD01F42B936B440059AB53 /* TapBar */,
				83BD01F32B936B330059AB53 /* TextFields */,
				83BD01F22B936B280059AB53 /* Texts */,
				83BD01F12B936B1A0059AB53 /* Buttons */,
			);
			path = Components;
			sourceTree = "<group>";
		};
		83103ED72B7F9B5E00932A96 /* Registration */ = {
			isa = PBXGroup;
			children = (
				83103ED92B7F9B9800932A96 /* RegistrationView.swift */,
				83103EDD2B7F9DA900932A96 /* RegistrationViewModel.swift */,
			);
			path = Registration;
			sourceTree = "<group>";
		};
		83103ED82B7F9B7200932A96 /* Authorization */ = {
			isa = PBXGroup;
			children = (
				83103EDB2B7F9BA500932A96 /* AuthorizationView.swift */,
				83103EDF2B7FD75100932A96 /* AuthorizationViewModel.swift */,
			);
			path = Authorization;
			sourceTree = "<group>";
		};
		83103EE12B7FEC6600932A96 /* Profile */ = {
			isa = PBXGroup;
			children = (
				83103EE22B7FF73C00932A96 /* ProfileView.swift */,
				831AE0672B80CAC300C5B6AF /* ProfileViewModel.swift */,
			);
			path = Profile;
			sourceTree = "<group>";
		};
		831AE06B2B80D50100C5B6AF /* StartNavigation */ = {
			isa = PBXGroup;
			children = (
				83103ED02B7F924800932A96 /* StartNavigationRouter.swift */,
				831AE0692B80CDCB00C5B6AF /* StartNavigation.swift */,
			);
			path = StartNavigation;
			sourceTree = "<group>";
		};
		831AE0702B80DFB400C5B6AF /* Network */ = {
			isa = PBXGroup;
			children = (
				831AE0872B80F80500C5B6AF /* API */,
				831AE0852B80F7E800C5B6AF /* Endpoints */,
				831AE0862B80F7FB00C5B6AF /* Provider */,
			);
			path = Network;
			sourceTree = "<group>";
		};
		831AE0852B80F7E800C5B6AF /* Endpoints */ = {
			isa = PBXGroup;
			children = (
				831AE07F2B80E21900C5B6AF /* RegistrationEndpoint.swift */,
				831AE0882B80F87E00C5B6AF /* AuthorizationEndpoint.swift */,
				8331F8472B96014B00058CEC /* TestEndpoint.swift */,
				83385A7D2B970790007CC6FB /* TestResultsEndpoint.swift */,
				8334B75E2B9E02050087716F /* OnboardingEndpoint.swift */,
				838AF03E2BBD43FB002FDA88 /* InterestsEndpoint.swift */,
				83524D3A2BCD624A00F86E2C /* UsersEndpoint.swift */,
				83B3D5E42BCE97F200B62413 /* MessagesEndpoint.swift */,
				83A1F7E02BD1110500488032 /* GrammarEndpoint.swift */,
				83C8F6B92BD29C6B00FEBE79 /* GenerateDialogEndpoint.swift */,
			);
			path = Endpoints;
			sourceTree = "<group>";
		};
		831AE0862B80F7FB00C5B6AF /* Provider */ = {
			isa = PBXGroup;
			children = (
				831AE0712B80DFCA00C5B6AF /* Provider.swift */,
			);
			path = Provider;
			sourceTree = "<group>";
		};
		831AE0872B80F80500C5B6AF /* API */ = {
			isa = PBXGroup;
			children = (
				831AE0812B80F4F000C5B6AF /* GeneralAPI.swift */,
				831AE0832B80F55000C5B6AF /* ErrorAPI.swift */,
			);
			path = API;
			sourceTree = "<group>";
		};
		831AE08C2B81080500C5B6AF /* Authentication */ = {
			isa = PBXGroup;
			children = (
				831AE08D2B81081E00C5B6AF /* AuthenticationService.swift */,
			);
			path = Authentication;
			sourceTree = "<group>";
		};
		831AE08F2B81088300C5B6AF /* Storeges */ = {
			isa = PBXGroup;
			children = (
				831AE0902B81089A00C5B6AF /* UserStorage.swift */,
				833FF9B62BA1E9490032827B /* KeyChainStorage.swift */,
				83B035E92BD001C4005C02BA /* ChatsStorage.swift */,
			);
			path = Storeges;
			sourceTree = "<group>";
		};
		83505CEB2B91E177005FD7DC /* Alice */ = {
			isa = PBXGroup;
			children = (
				83505CEC2B91E177005FD7DC /* Alice-Regular.ttf */,
				83505CED2B91E177005FD7DC /* OFL.txt */,
			);
			path = Alice;
			sourceTree = "<group>";
		};
		83505CF52B922948005FD7DC /* monteserrat */ = {
			isa = PBXGroup;
			children = (
				83505CF62B922948005FD7DC /* Montserrat-LightItalic.ttf */,
				83505CF72B922948005FD7DC /* Montserrat-Medium.ttf */,
				83505CF82B922948005FD7DC /* Montserrat-BoldItalic.ttf */,
				83505CF92B922948005FD7DC /* Montserrat-Light.ttf */,
				83505CFA2B922948005FD7DC /* Montserrat-ThinItalic.ttf */,
				83505CFB2B922948005FD7DC /* Montserrat-ExtraLight.ttf */,
				83505CFC2B922948005FD7DC /* Montserrat-Thin.ttf */,
				83505CFD2B922948005FD7DC /* Montserrat-Bold.ttf */,
				83505CFE2B922948005FD7DC /* Montserrat-MediumItalic.ttf */,
				83505CFF2B922948005FD7DC /* Montserrat-BlackItalic.ttf */,
				83505D002B922948005FD7DC /* Montserrat-SemiBold.ttf */,
				83505D012B922948005FD7DC /* Montserrat-ExtraLightItalic.ttf */,
				83505D022B922948005FD7DC /* Montserrat-ExtraBold.ttf */,
				83505D032B922948005FD7DC /* Montserrat-Black.ttf */,
				83505D042B922948005FD7DC /* Montserrat-Regular.ttf */,
				83505D052B922948005FD7DC /* Montserrat-Italic.ttf */,
				83505D062B922948005FD7DC /* Montserrat-SemiBoldItalic.ttf */,
				83505D072B922948005FD7DC /* Montserrat-ExtraBoldItalic.ttf */,
			);
			path = monteserrat;
			sourceTree = "<group>";
		};
		83505D1E2B923AEC005FD7DC /* Onboarding */ = {
			isa = PBXGroup;
			children = (
				83505D1F2B923D91005FD7DC /* OnboardingView.swift */,
				83505D252B9268A0005FD7DC /* OnboardingViewModel.swift */,
			);
			path = Onboarding;
			sourceTree = "<group>";
		};
		83524D2F2BCD504500F86E2C /* WebSocket */ = {
			isa = PBXGroup;
			children = (
				83524D302BCD506900F86E2C /* SocketService.swift */,
			);
			path = WebSocket;
			sourceTree = "<group>";
		};
		83524D3C2BCD660000F86E2C /* MainNavigation */ = {
			isa = PBXGroup;
			children = (
				83524D3D2BCD661500F86E2C /* MainNavigation.swift */,
				83524D3F2BCD663800F86E2C /* MainNavigationRouter.swift */,
			);
			path = MainNavigation;
			sourceTree = "<group>";
		};
		8356A29E2BD6C1C400B89B79 /* Education */ = {
			isa = PBXGroup;
			children = (
				8356A29F2BD6C1E800B89B79 /* EducationView.swift */,
			);
			path = Education;
			sourceTree = "<group>";
		};
		8356A2A12BD6CC0B00B89B79 /* Cards */ = {
			isa = PBXGroup;
			children = (
				8356A2A22BD6CC1900B89B79 /* CardsView.swift */,
				8356A2A42BD6DF8600B89B79 /* CardsLearnedView.swift */,
				8356A2A62BD6EAAC00B89B79 /* CardsLearningView.swift */,
			);
			path = Cards;
			sourceTree = "<group>";
		};
		838AF0422BBDAE58002FDA88 /* Chats */ = {
			isa = PBXGroup;
			children = (
				83B035F02BD0425A005C02BA /* ChatList */,
				83B035EF2BD0423B005C02BA /* Chat */,
				83B035E42BCFD07E005C02BA /* SearchChatView.swift */,
			);
			path = Chats;
			sourceTree = "<group>";
		};
		838C30362B9F707100F098EE /* Image */ = {
			isa = PBXGroup;
			children = (
				838C30372B9F708300F098EE /* ImagePicker.swift */,
			);
			path = Image;
			sourceTree = "<group>";
		};
		83A40A872B98859D003A284E /* Home */ = {
			isa = PBXGroup;
			children = (
				83A40A8B2B9889AA003A284E /* HomeView.swift */,
			);
			path = Home;
			sourceTree = "<group>";
		};
		83B035E62BCFE283005C02BA /* Enums */ = {
			isa = PBXGroup;
			children = (
				83B035E72BCFE290005C02BA /* CurrentScreen.swift */,
			);
			path = Enums;
			sourceTree = "<group>";
		};
		83B035EF2BD0423B005C02BA /* Chat */ = {
			isa = PBXGroup;
			children = (
				838AF0432BBDAE64002FDA88 /* ChatsView.swift */,
				83B035ED2BD04147005C02BA /* ChatsViewModel.swift */,
			);
			path = Chat;
			sourceTree = "<group>";
		};
		83B035F02BD0425A005C02BA /* ChatList */ = {
			isa = PBXGroup;
			children = (
				83524D362BCD594400F86E2C /* ChatsStartView.swift */,
				83524D382BCD5A7B00F86E2C /* ChatsStartViewModel.swift */,
			);
			path = ChatList;
			sourceTree = "<group>";
		};
		83BD01EC2B9369520059AB53 /* Test */ = {
			isa = PBXGroup;
			children = (
				83BD01ED2B93698A0059AB53 /* TestingView.swift */,
				83454FBB2B95B611006E608E /* TestingViewModel.swift */,
				83385A7B2B96FA6F007CC6FB /* TestResultsView.swift */,
			);
			path = Test;
			sourceTree = "<group>";
		};
		83BD01F12B936B1A0059AB53 /* Buttons */ = {
			isa = PBXGroup;
			children = (
				83103ED32B7F940600932A96 /* ButtonView.swift */,
				83BD01EF2B936ABB0059AB53 /* BackButtonView.swift */,
				83C2B3152B94D73900B69E69 /* TestButtonView.swift */,
				83C2B3172B94EE9C00B69E69 /* PurpleButtonView.swift */,
				838AF0402BBD6315002FDA88 /* ScaleButtonStyle.swift */,
			);
			path = Buttons;
			sourceTree = "<group>";
		};
		83BD01F22B936B280059AB53 /* Texts */ = {
			isa = PBXGroup;
			children = (
				83505CF12B91FF97005FD7DC /* TitleTextView.swift */,
			);
			path = Texts;
			sourceTree = "<group>";
		};
		83BD01F32B936B330059AB53 /* TextFields */ = {
			isa = PBXGroup;
			children = (
				83505D272B92782D005FD7DC /* MaskedDateTextField.swift */,
				83505CF32B9226D3005FD7DC /* CustomTextFieldStyle.swift */,
				83505D1A2B922FE3005FD7DC /* CustomTextField.swift */,
				83A1F7D62BD10ADF00488032 /* ChatsSearcherField.swift */,
				83A1F7D82BD10B3300488032 /* ChatsSearcherFieldStyle.swift */,
			);
			path = TextFields;
			sourceTree = "<group>";
		};
		83BD01F42B936B440059AB53 /* TapBar */ = {
			isa = PBXGroup;
			children = (
				83505D1C2B923673005FD7DC /* OnboardingNavigationView.swift */,
				83BD01F52B936B620059AB53 /* TestProgressView.swift */,
				83A40A892B9885C3003A284E /* MainTab.swift */,
			);
			path = TapBar;
			sourceTree = "<group>";
		};
		91F29E14AD713A5986835FDD /* Pods */ = {
			isa = PBXGroup;
			children = (
				AB4A2B78B4A82802622FD4EB /* Pods-EnglishMessenger.debug.xcconfig */,
				F8F9FDD544FDC7BE716239E1 /* Pods-EnglishMessenger.release.xcconfig */,
			);
			path = Pods;
			sourceTree = "<group>";
		};
/* End PBXGroup section */

/* Begin PBXNativeTarget section */
		83103EAB2B7F574300932A96 /* EnglishMessenger */ = {
			isa = PBXNativeTarget;
			buildConfigurationList = 83103EBA2B7F574700932A96 /* Build configuration list for PBXNativeTarget "EnglishMessenger" */;
			buildPhases = (
				8ABC08380503DE25E73D2D2B /* [CP] Check Pods Manifest.lock */,
				83103EA82B7F574300932A96 /* Sources */,
				83103EA92B7F574300932A96 /* Frameworks */,
				83103EAA2B7F574300932A96 /* Resources */,
				70CCC52E635F8AC27EEFC3BB /* [CP] Embed Pods Frameworks */,
			);
			buildRules = (
			);
			dependencies = (
			);
			name = EnglishMessenger;
			packageProductDependencies = (
				831AE0742B80E12D00C5B6AF /* Alamofire */,
				831AE0772B80E1ED00C5B6AF /* CombineMoya */,
				831AE0792B80E1ED00C5B6AF /* Moya */,
				831AE07B2B80E1ED00C5B6AF /* ReactiveMoya */,
				831AE07D2B80E1ED00C5B6AF /* RxMoya */,
				831AE0992B81236300C5B6AF /* CombineExt */,
				83F740742BA06BEA004BA2F4 /* SDWebImageSwiftUI */,
			);
			productName = EnglishMessenger;
			productReference = 83103EAC2B7F574300932A96 /* EnglishMessenger.app */;
			productType = "com.apple.product-type.application";
		};
/* End PBXNativeTarget section */

/* Begin PBXProject section */
		83103EA42B7F574300932A96 /* Project object */ = {
			isa = PBXProject;
			attributes = {
				BuildIndependentTargetsInParallel = 1;
				LastSwiftUpdateCheck = 1500;
				LastUpgradeCheck = 1500;
				TargetAttributes = {
					83103EAB2B7F574300932A96 = {
						CreatedOnToolsVersion = 15.0.1;
					};
				};
			};
			buildConfigurationList = 83103EA72B7F574300932A96 /* Build configuration list for PBXProject "EnglishMessenger" */;
			compatibilityVersion = "Xcode 14.0";
			developmentRegion = en;
			hasScannedForEncodings = 0;
			knownRegions = (
				en,
				Base,
			);
			mainGroup = 83103EA32B7F574300932A96;
			packageReferences = (
				831AE0732B80E12D00C5B6AF /* XCRemoteSwiftPackageReference "Alamofire" */,
				831AE0762B80E1ED00C5B6AF /* XCRemoteSwiftPackageReference "Moya" */,
				831AE0982B81236300C5B6AF /* XCRemoteSwiftPackageReference "CombineExt" */,
				83F740732BA06BEA004BA2F4 /* XCRemoteSwiftPackageReference "SDWebImageSwiftUI" */,
			);
			productRefGroup = 83103EAD2B7F574300932A96 /* Products */;
			projectDirPath = "";
			projectRoot = "";
			targets = (
				83103EAB2B7F574300932A96 /* EnglishMessenger */,
			);
		};
/* End PBXProject section */

/* Begin PBXResourcesBuildPhase section */
		83103EAA2B7F574300932A96 /* Resources */ = {
			isa = PBXResourcesBuildPhase;
			buildActionMask = 2147483647;
			files = (
				83505D0A2B922948005FD7DC /* Montserrat-BoldItalic.ttf in Resources */,
				83505CEF2B91E177005FD7DC /* OFL.txt in Resources */,
				83505D102B922948005FD7DC /* Montserrat-MediumItalic.ttf in Resources */,
				83505D112B922948005FD7DC /* Montserrat-BlackItalic.ttf in Resources */,
				83103EB72B7F574700932A96 /* Preview Assets.xcassets in Resources */,
				83505D0B2B922948005FD7DC /* Montserrat-Light.ttf in Resources */,
				83505D172B922948005FD7DC /* Montserrat-Italic.ttf in Resources */,
				83505D192B922948005FD7DC /* Montserrat-ExtraBoldItalic.ttf in Resources */,
				83505D0F2B922948005FD7DC /* Montserrat-Bold.ttf in Resources */,
				83505D142B922948005FD7DC /* Montserrat-ExtraBold.ttf in Resources */,
				83505D162B922948005FD7DC /* Montserrat-Regular.ttf in Resources */,
				83505D0C2B922948005FD7DC /* Montserrat-ThinItalic.ttf in Resources */,
				83505D082B922948005FD7DC /* Montserrat-LightItalic.ttf in Resources */,
				83505D182B922948005FD7DC /* Montserrat-SemiBoldItalic.ttf in Resources */,
				83505D0D2B922948005FD7DC /* Montserrat-ExtraLight.ttf in Resources */,
				83505D092B922948005FD7DC /* Montserrat-Medium.ttf in Resources */,
				83505D152B922948005FD7DC /* Montserrat-Black.ttf in Resources */,
				83103EC02B7F5EA900932A96 /* Localizable.strings in Resources */,
				83505CEE2B91E177005FD7DC /* Alice-Regular.ttf in Resources */,
				83505D0E2B922948005FD7DC /* Montserrat-Thin.ttf in Resources */,
				83505D132B922948005FD7DC /* Montserrat-ExtraLightItalic.ttf in Resources */,
				83505D122B922948005FD7DC /* Montserrat-SemiBold.ttf in Resources */,
				83103EB42B7F574700932A96 /* Assets.xcassets in Resources */,
			);
			runOnlyForDeploymentPostprocessing = 0;
		};
/* End PBXResourcesBuildPhase section */

/* Begin PBXShellScriptBuildPhase section */
		70CCC52E635F8AC27EEFC3BB /* [CP] Embed Pods Frameworks */ = {
			isa = PBXShellScriptBuildPhase;
			buildActionMask = 2147483647;
			files = (
			);
			inputFileListPaths = (
				"${PODS_ROOT}/Target Support Files/Pods-EnglishMessenger/Pods-EnglishMessenger-frameworks-${CONFIGURATION}-input-files.xcfilelist",
			);
			name = "[CP] Embed Pods Frameworks";
			outputFileListPaths = (
				"${PODS_ROOT}/Target Support Files/Pods-EnglishMessenger/Pods-EnglishMessenger-frameworks-${CONFIGURATION}-output-files.xcfilelist",
			);
			runOnlyForDeploymentPostprocessing = 0;
			shellPath = /bin/sh;
			shellScript = "\"${PODS_ROOT}/Target Support Files/Pods-EnglishMessenger/Pods-EnglishMessenger-frameworks.sh\"\n";
			showEnvVarsInLog = 0;
		};
		8ABC08380503DE25E73D2D2B /* [CP] Check Pods Manifest.lock */ = {
			isa = PBXShellScriptBuildPhase;
			buildActionMask = 2147483647;
			files = (
			);
			inputFileListPaths = (
			);
			inputPaths = (
				"${PODS_PODFILE_DIR_PATH}/Podfile.lock",
				"${PODS_ROOT}/Manifest.lock",
			);
			name = "[CP] Check Pods Manifest.lock";
			outputFileListPaths = (
			);
			outputPaths = (
				"$(DERIVED_FILE_DIR)/Pods-EnglishMessenger-checkManifestLockResult.txt",
			);
			runOnlyForDeploymentPostprocessing = 0;
			shellPath = /bin/sh;
			shellScript = "diff \"${PODS_PODFILE_DIR_PATH}/Podfile.lock\" \"${PODS_ROOT}/Manifest.lock\" > /dev/null\nif [ $? != 0 ] ; then\n    # print error to STDERR\n    echo \"error: The sandbox is not in sync with the Podfile.lock. Run 'pod install' or update your CocoaPods installation.\" >&2\n    exit 1\nfi\n# This output is used by Xcode 'outputs' to avoid re-running this script phase.\necho \"SUCCESS\" > \"${SCRIPT_OUTPUT_FILE_0}\"\n";
			showEnvVarsInLog = 0;
		};
/* End PBXShellScriptBuildPhase section */

/* Begin PBXSourcesBuildPhase section */
		83103EA82B7F574300932A96 /* Sources */ = {
			isa = PBXSourcesBuildPhase;
			buildActionMask = 2147483647;
			files = (
				83A1F7DF2BD1102200488032 /* GrammarModelMapper.swift in Sources */,
				83B035EE2BD04147005C02BA /* ChatsViewModel.swift in Sources */,
				83B035E52BCFD07E005C02BA /* SearchChatView.swift in Sources */,
				83103EE02B7FD75100932A96 /* AuthorizationViewModel.swift in Sources */,
				831AE0972B8120B300C5B6AF /* UserModelMapper.swift in Sources */,
				83C8F6BA2BD29C6B00FEBE79 /* GenerateDialogEndpoint.swift in Sources */,
				831AE0842B80F55000C5B6AF /* ErrorAPI.swift in Sources */,
				83A40A8C2B9889AA003A284E /* HomeView.swift in Sources */,
				831AE06D2B80D87500C5B6AF /* BaseModelMapper.swift in Sources */,
				83B035E82BCFE290005C02BA /* CurrentScreen.swift in Sources */,
				831AE08B2B80F8B900C5B6AF /* UserAuthorization.swift in Sources */,
				838AF0412BBD6315002FDA88 /* ScaleButtonStyle.swift in Sources */,
				83BD01EE2B93698A0059AB53 /* TestingView.swift in Sources */,
				83103EE32B7FF73C00932A96 /* ProfileView.swift in Sources */,
				831AE0952B81203800C5B6AF /* User.swift in Sources */,
				831AE0932B811FD700C5B6AF /* ServerUser.swift in Sources */,
				83505D1D2B923673005FD7DC /* OnboardingNavigationView.swift in Sources */,
				8331F8422B95FD2300058CEC /* ServerTest.swift in Sources */,
				838AF03A2BBD4323002FDA88 /* LocalInterests.swift in Sources */,
				83505D262B9268A0005FD7DC /* OnboardingViewModel.swift in Sources */,
				83A1F7D92BD10B3300488032 /* ChatsSearcherFieldStyle.swift in Sources */,
				83103EB22B7F574300932A96 /* StartView.swift in Sources */,
				831AE0722B80DFCA00C5B6AF /* Provider.swift in Sources */,
				8334B75F2B9E02050087716F /* OnboardingEndpoint.swift in Sources */,
				83103EDE2B7F9DA900932A96 /* RegistrationViewModel.swift in Sources */,
				83103ED62B7F993F00932A96 /* StartViewModel.swift in Sources */,
				83B3D5E52BCE97F200B62413 /* MessagesEndpoint.swift in Sources */,
				831AE0912B81089A00C5B6AF /* UserStorage.swift in Sources */,
				838AF03C2BBD434B002FDA88 /* InterestsModelMapper.swift in Sources */,
				83385A7C2B96FA6F007CC6FB /* TestResultsView.swift in Sources */,
				83505D282B92782D005FD7DC /* MaskedDateTextField.swift in Sources */,
				838AF0442BBDAE64002FDA88 /* ChatsView.swift in Sources */,
				83524D352BCD546700F86E2C /* ServerMessage.swift in Sources */,
				8331F8462B95FE9700058CEC /* TestModelMapper.swift in Sources */,
				8331F8442B95FE6600058CEC /* LocalTest.swift in Sources */,
				83A1F7E12BD1110500488032 /* GrammarEndpoint.swift in Sources */,
				831AE0822B80F4F000C5B6AF /* GeneralAPI.swift in Sources */,
				83505CF42B9226D3005FD7DC /* CustomTextFieldStyle.swift in Sources */,
				8356A2A72BD6EAAC00B89B79 /* CardsLearningView.swift in Sources */,
				83BD01F02B936ABB0059AB53 /* BackButtonView.swift in Sources */,
				83103EC42B7F5EC600932A96 /* Colors.swift in Sources */,
				83524D372BCD594400F86E2C /* ChatsStartView.swift in Sources */,
				831AE0682B80CAC300C5B6AF /* ProfileViewModel.swift in Sources */,
				8356A2A32BD6CC1900B89B79 /* CardsView.swift in Sources */,
				83103EDA2B7F9B9800932A96 /* RegistrationView.swift in Sources */,
				83A40A8A2B9885C3003A284E /* MainTab.swift in Sources */,
				83524D312BCD506900F86E2C /* SocketService.swift in Sources */,
				83505D1B2B922FE3005FD7DC /* CustomTextField.swift in Sources */,
				83C2B3182B94EE9C00B69E69 /* PurpleButtonView.swift in Sources */,
				8356A2A02BD6C1E800B89B79 /* EducationView.swift in Sources */,
				83A1F7D72BD10ADF00488032 /* ChatsSearcherField.swift in Sources */,
				83524D392BCD5A7B00F86E2C /* ChatsStartViewModel.swift in Sources */,
				831AE0802B80E21900C5B6AF /* RegistrationEndpoint.swift in Sources */,
				83524D3E2BCD661500F86E2C /* MainNavigation.swift in Sources */,
				8356A2A52BD6DF8600B89B79 /* CardsLearnedView.swift in Sources */,
				83505D202B923D91005FD7DC /* OnboardingView.swift in Sources */,
				83C2B3162B94D73900B69E69 /* TestButtonView.swift in Sources */,
				83B035EA2BD001C4005C02BA /* ChatsStorage.swift in Sources */,
				833FF9B92BA1ED020032827B /* FormatDate.swift in Sources */,
				83103ED12B7F924800932A96 /* StartNavigationRouter.swift in Sources */,
				83505CF22B91FF97005FD7DC /* TitleTextView.swift in Sources */,
				83454FBC2B95B611006E608E /* TestingViewModel.swift in Sources */,
				83524D3B2BCD624A00F86E2C /* UsersEndpoint.swift in Sources */,
				83A1F7DB2BD10EB500488032 /* ServerGrammar.swift in Sources */,
				83524D332BCD545000F86E2C /* Message.swift in Sources */,
				83BD01F62B936B620059AB53 /* TestProgressView.swift in Sources */,
				83B3D5E72BCE996A00B62413 /* MessagesModelMapper.swift in Sources */,
				838AF0382BBD42D8002FDA88 /* ServerInterests.swift in Sources */,
				8331F8482B96014B00058CEC /* TestEndpoint.swift in Sources */,
				8334B75D2B9DFFA80087716F /* Onboarding.swift in Sources */,
				83524D402BCD663800F86E2C /* MainNavigationRouter.swift in Sources */,
				83A1F7DD2BD10FBA00488032 /* LocalGrammar.swift in Sources */,
				831AE08E2B81081E00C5B6AF /* AuthenticationService.swift in Sources */,
				838AF03F2BBD43FB002FDA88 /* InterestsEndpoint.swift in Sources */,
				8331F84A2B96317E00058CEC /* Answer.swift in Sources */,
				83385A7E2B970790007CC6FB /* TestResultsEndpoint.swift in Sources */,
				83103ECF2B7F91EF00932A96 /* AppContainer.swift in Sources */,
				831AE06F2B80D93E00C5B6AF /* UserRegistration.swift in Sources */,
				831AE0892B80F87E00C5B6AF /* AuthorizationEndpoint.swift in Sources */,
				83103EC22B7F5EB600932A96 /* Strings.swift in Sources */,
				83103EB02B7F574300932A96 /* EnglishMessengerApp.swift in Sources */,
				831AE06A2B80CDCB00C5B6AF /* StartNavigation.swift in Sources */,
				83103EDC2B7F9BA500932A96 /* AuthorizationView.swift in Sources */,
				838C30382B9F708300F098EE /* ImagePicker.swift in Sources */,
				83103ED42B7F940600932A96 /* ButtonView.swift in Sources */,
				833FF9B72BA1E9490032827B /* KeyChainStorage.swift in Sources */,
			);
			runOnlyForDeploymentPostprocessing = 0;
		};
/* End PBXSourcesBuildPhase section */

/* Begin XCBuildConfiguration section */
		83103EB82B7F574700932A96 /* Debug */ = {
			isa = XCBuildConfiguration;
			buildSettings = {
				ALWAYS_SEARCH_USER_PATHS = NO;
				ASSETCATALOG_COMPILER_GENERATE_SWIFT_ASSET_SYMBOL_EXTENSIONS = YES;
				CLANG_ANALYZER_NONNULL = YES;
				CLANG_ANALYZER_NUMBER_OBJECT_CONVERSION = YES_AGGRESSIVE;
				CLANG_CXX_LANGUAGE_STANDARD = "gnu++20";
				CLANG_ENABLE_MODULES = YES;
				CLANG_ENABLE_OBJC_ARC = YES;
				CLANG_ENABLE_OBJC_WEAK = YES;
				CLANG_WARN_BLOCK_CAPTURE_AUTORELEASING = YES;
				CLANG_WARN_BOOL_CONVERSION = YES;
				CLANG_WARN_COMMA = YES;
				CLANG_WARN_CONSTANT_CONVERSION = YES;
				CLANG_WARN_DEPRECATED_OBJC_IMPLEMENTATIONS = YES;
				CLANG_WARN_DIRECT_OBJC_ISA_USAGE = YES_ERROR;
				CLANG_WARN_DOCUMENTATION_COMMENTS = YES;
				CLANG_WARN_EMPTY_BODY = YES;
				CLANG_WARN_ENUM_CONVERSION = YES;
				CLANG_WARN_INFINITE_RECURSION = YES;
				CLANG_WARN_INT_CONVERSION = YES;
				CLANG_WARN_NON_LITERAL_NULL_CONVERSION = YES;
				CLANG_WARN_OBJC_IMPLICIT_RETAIN_SELF = YES;
				CLANG_WARN_OBJC_LITERAL_CONVERSION = YES;
				CLANG_WARN_OBJC_ROOT_CLASS = YES_ERROR;
				CLANG_WARN_QUOTED_INCLUDE_IN_FRAMEWORK_HEADER = YES;
				CLANG_WARN_RANGE_LOOP_ANALYSIS = YES;
				CLANG_WARN_STRICT_PROTOTYPES = YES;
				CLANG_WARN_SUSPICIOUS_MOVE = YES;
				CLANG_WARN_UNGUARDED_AVAILABILITY = YES_AGGRESSIVE;
				CLANG_WARN_UNREACHABLE_CODE = YES;
				CLANG_WARN__DUPLICATE_METHOD_MATCH = YES;
				COPY_PHASE_STRIP = NO;
				DEBUG_INFORMATION_FORMAT = dwarf;
				ENABLE_STRICT_OBJC_MSGSEND = YES;
				ENABLE_TESTABILITY = YES;
				ENABLE_USER_SCRIPT_SANDBOXING = YES;
				GCC_C_LANGUAGE_STANDARD = gnu17;
				GCC_DYNAMIC_NO_PIC = NO;
				GCC_NO_COMMON_BLOCKS = YES;
				GCC_OPTIMIZATION_LEVEL = 0;
				GCC_PREPROCESSOR_DEFINITIONS = (
					"DEBUG=1",
					"$(inherited)",
				);
				GCC_WARN_64_TO_32_BIT_CONVERSION = YES;
				GCC_WARN_ABOUT_RETURN_TYPE = YES_ERROR;
				GCC_WARN_UNDECLARED_SELECTOR = YES;
				GCC_WARN_UNINITIALIZED_AUTOS = YES_AGGRESSIVE;
				GCC_WARN_UNUSED_FUNCTION = YES;
				GCC_WARN_UNUSED_VARIABLE = YES;
				IPHONEOS_DEPLOYMENT_TARGET = 17.0;
				LOCALIZATION_PREFERS_STRING_CATALOGS = YES;
				MTL_ENABLE_DEBUG_INFO = INCLUDE_SOURCE;
				MTL_FAST_MATH = YES;
				ONLY_ACTIVE_ARCH = YES;
				SDKROOT = iphoneos;
				SWIFT_ACTIVE_COMPILATION_CONDITIONS = "DEBUG $(inherited)";
				SWIFT_OPTIMIZATION_LEVEL = "-Onone";
			};
			name = Debug;
		};
		83103EB92B7F574700932A96 /* Release */ = {
			isa = XCBuildConfiguration;
			buildSettings = {
				ALWAYS_SEARCH_USER_PATHS = NO;
				ASSETCATALOG_COMPILER_GENERATE_SWIFT_ASSET_SYMBOL_EXTENSIONS = YES;
				CLANG_ANALYZER_NONNULL = YES;
				CLANG_ANALYZER_NUMBER_OBJECT_CONVERSION = YES_AGGRESSIVE;
				CLANG_CXX_LANGUAGE_STANDARD = "gnu++20";
				CLANG_ENABLE_MODULES = YES;
				CLANG_ENABLE_OBJC_ARC = YES;
				CLANG_ENABLE_OBJC_WEAK = YES;
				CLANG_WARN_BLOCK_CAPTURE_AUTORELEASING = YES;
				CLANG_WARN_BOOL_CONVERSION = YES;
				CLANG_WARN_COMMA = YES;
				CLANG_WARN_CONSTANT_CONVERSION = YES;
				CLANG_WARN_DEPRECATED_OBJC_IMPLEMENTATIONS = YES;
				CLANG_WARN_DIRECT_OBJC_ISA_USAGE = YES_ERROR;
				CLANG_WARN_DOCUMENTATION_COMMENTS = YES;
				CLANG_WARN_EMPTY_BODY = YES;
				CLANG_WARN_ENUM_CONVERSION = YES;
				CLANG_WARN_INFINITE_RECURSION = YES;
				CLANG_WARN_INT_CONVERSION = YES;
				CLANG_WARN_NON_LITERAL_NULL_CONVERSION = YES;
				CLANG_WARN_OBJC_IMPLICIT_RETAIN_SELF = YES;
				CLANG_WARN_OBJC_LITERAL_CONVERSION = YES;
				CLANG_WARN_OBJC_ROOT_CLASS = YES_ERROR;
				CLANG_WARN_QUOTED_INCLUDE_IN_FRAMEWORK_HEADER = YES;
				CLANG_WARN_RANGE_LOOP_ANALYSIS = YES;
				CLANG_WARN_STRICT_PROTOTYPES = YES;
				CLANG_WARN_SUSPICIOUS_MOVE = YES;
				CLANG_WARN_UNGUARDED_AVAILABILITY = YES_AGGRESSIVE;
				CLANG_WARN_UNREACHABLE_CODE = YES;
				CLANG_WARN__DUPLICATE_METHOD_MATCH = YES;
				COPY_PHASE_STRIP = NO;
				DEBUG_INFORMATION_FORMAT = "dwarf-with-dsym";
				ENABLE_NS_ASSERTIONS = NO;
				ENABLE_STRICT_OBJC_MSGSEND = YES;
				ENABLE_USER_SCRIPT_SANDBOXING = YES;
				GCC_C_LANGUAGE_STANDARD = gnu17;
				GCC_NO_COMMON_BLOCKS = YES;
				GCC_WARN_64_TO_32_BIT_CONVERSION = YES;
				GCC_WARN_ABOUT_RETURN_TYPE = YES_ERROR;
				GCC_WARN_UNDECLARED_SELECTOR = YES;
				GCC_WARN_UNINITIALIZED_AUTOS = YES_AGGRESSIVE;
				GCC_WARN_UNUSED_FUNCTION = YES;
				GCC_WARN_UNUSED_VARIABLE = YES;
				IPHONEOS_DEPLOYMENT_TARGET = 17.0;
				LOCALIZATION_PREFERS_STRING_CATALOGS = YES;
				MTL_ENABLE_DEBUG_INFO = NO;
				MTL_FAST_MATH = YES;
				SDKROOT = iphoneos;
				SWIFT_COMPILATION_MODE = wholemodule;
				VALIDATE_PRODUCT = YES;
			};
			name = Release;
		};
		83103EBB2B7F574700932A96 /* Debug */ = {
			isa = XCBuildConfiguration;
			baseConfigurationReference = AB4A2B78B4A82802622FD4EB /* Pods-EnglishMessenger.debug.xcconfig */;
			buildSettings = {
				ASSETCATALOG_COMPILER_APPICON_NAME = AppIcon;
				ASSETCATALOG_COMPILER_GLOBAL_ACCENT_COLOR_NAME = AccentColor;
				CODE_SIGN_STYLE = Automatic;
				CURRENT_PROJECT_VERSION = 1;
				DEVELOPMENT_ASSET_PATHS = "\"EnglishMessenger/Preview Content\"";
				DEVELOPMENT_TEAM = GAQGZ3FW7B;
				ENABLE_PREVIEWS = YES;
				ENABLE_USER_SCRIPT_SANDBOXING = NO;
				GENERATE_INFOPLIST_FILE = YES;
				INFOPLIST_FILE = EnglishMessenger/Info.plist;
				INFOPLIST_KEY_UIApplicationSceneManifest_Generation = YES;
				INFOPLIST_KEY_UIApplicationSupportsIndirectInputEvents = YES;
				INFOPLIST_KEY_UILaunchScreen_Generation = YES;
				INFOPLIST_KEY_UISupportedInterfaceOrientations_iPad = "UIInterfaceOrientationPortrait UIInterfaceOrientationPortraitUpsideDown UIInterfaceOrientationLandscapeLeft UIInterfaceOrientationLandscapeRight";
				INFOPLIST_KEY_UISupportedInterfaceOrientations_iPhone = "UIInterfaceOrientationPortrait UIInterfaceOrientationLandscapeLeft UIInterfaceOrientationLandscapeRight";
				IPHONEOS_DEPLOYMENT_TARGET = 17.0;
				LD_RUNPATH_SEARCH_PATHS = (
					"$(inherited)",
					"@executable_path/Frameworks",
				);
				MARKETING_VERSION = 1.0;
				PRODUCT_BUNDLE_IDENTIFIER = DV.EnglishMessenger;
				PRODUCT_NAME = "$(TARGET_NAME)";
				SWIFT_EMIT_LOC_STRINGS = YES;
				SWIFT_VERSION = 5.0;
				TARGETED_DEVICE_FAMILY = "1,2";
			};
			name = Debug;
		};
		83103EBC2B7F574700932A96 /* Release */ = {
			isa = XCBuildConfiguration;
			baseConfigurationReference = F8F9FDD544FDC7BE716239E1 /* Pods-EnglishMessenger.release.xcconfig */;
			buildSettings = {
				ASSETCATALOG_COMPILER_APPICON_NAME = AppIcon;
				ASSETCATALOG_COMPILER_GLOBAL_ACCENT_COLOR_NAME = AccentColor;
				CODE_SIGN_STYLE = Automatic;
				CURRENT_PROJECT_VERSION = 1;
				DEVELOPMENT_ASSET_PATHS = "\"EnglishMessenger/Preview Content\"";
				DEVELOPMENT_TEAM = GAQGZ3FW7B;
				ENABLE_PREVIEWS = YES;
				ENABLE_USER_SCRIPT_SANDBOXING = NO;
				GENERATE_INFOPLIST_FILE = YES;
				INFOPLIST_FILE = EnglishMessenger/Info.plist;
				INFOPLIST_KEY_UIApplicationSceneManifest_Generation = YES;
				INFOPLIST_KEY_UIApplicationSupportsIndirectInputEvents = YES;
				INFOPLIST_KEY_UILaunchScreen_Generation = YES;
				INFOPLIST_KEY_UISupportedInterfaceOrientations_iPad = "UIInterfaceOrientationPortrait UIInterfaceOrientationPortraitUpsideDown UIInterfaceOrientationLandscapeLeft UIInterfaceOrientationLandscapeRight";
				INFOPLIST_KEY_UISupportedInterfaceOrientations_iPhone = "UIInterfaceOrientationPortrait UIInterfaceOrientationLandscapeLeft UIInterfaceOrientationLandscapeRight";
				IPHONEOS_DEPLOYMENT_TARGET = 17.0;
				LD_RUNPATH_SEARCH_PATHS = (
					"$(inherited)",
					"@executable_path/Frameworks",
				);
				MARKETING_VERSION = 1.0;
				PRODUCT_BUNDLE_IDENTIFIER = DV.EnglishMessenger;
				PRODUCT_NAME = "$(TARGET_NAME)";
				SWIFT_EMIT_LOC_STRINGS = YES;
				SWIFT_VERSION = 5.0;
				TARGETED_DEVICE_FAMILY = "1,2";
			};
			name = Release;
		};
/* End XCBuildConfiguration section */

/* Begin XCConfigurationList section */
		83103EA72B7F574300932A96 /* Build configuration list for PBXProject "EnglishMessenger" */ = {
			isa = XCConfigurationList;
			buildConfigurations = (
				83103EB82B7F574700932A96 /* Debug */,
				83103EB92B7F574700932A96 /* Release */,
			);
			defaultConfigurationIsVisible = 0;
			defaultConfigurationName = Release;
		};
		83103EBA2B7F574700932A96 /* Build configuration list for PBXNativeTarget "EnglishMessenger" */ = {
			isa = XCConfigurationList;
			buildConfigurations = (
				83103EBB2B7F574700932A96 /* Debug */,
				83103EBC2B7F574700932A96 /* Release */,
			);
			defaultConfigurationIsVisible = 0;
			defaultConfigurationName = Release;
		};
/* End XCConfigurationList section */

/* Begin XCRemoteSwiftPackageReference section */
		831AE0732B80E12D00C5B6AF /* XCRemoteSwiftPackageReference "Alamofire" */ = {
			isa = XCRemoteSwiftPackageReference;
			repositoryURL = "https://github.com/Alamofire/Alamofire";
			requirement = {
				kind = upToNextMajorVersion;
				minimumVersion = 5.8.1;
			};
		};
		831AE0762B80E1ED00C5B6AF /* XCRemoteSwiftPackageReference "Moya" */ = {
			isa = XCRemoteSwiftPackageReference;
			repositoryURL = "https://github.com/Moya/Moya.git";
			requirement = {
				kind = upToNextMajorVersion;
				minimumVersion = 15.0.3;
			};
		};
		831AE0982B81236300C5B6AF /* XCRemoteSwiftPackageReference "CombineExt" */ = {
			isa = XCRemoteSwiftPackageReference;
			repositoryURL = "https://github.com/CombineCommunity/CombineExt";
			requirement = {
				kind = upToNextMajorVersion;
				minimumVersion = 1.8.1;
			};
		};
		83F740732BA06BEA004BA2F4 /* XCRemoteSwiftPackageReference "SDWebImageSwiftUI" */ = {
			isa = XCRemoteSwiftPackageReference;
			repositoryURL = "https://github.com/SDWebImage/SDWebImageSwiftUI";
			requirement = {
				kind = upToNextMajorVersion;
				minimumVersion = 3.0.0;
			};
		};
/* End XCRemoteSwiftPackageReference section */

/* Begin XCSwiftPackageProductDependency section */
		831AE0742B80E12D00C5B6AF /* Alamofire */ = {
			isa = XCSwiftPackageProductDependency;
			package = 831AE0732B80E12D00C5B6AF /* XCRemoteSwiftPackageReference "Alamofire" */;
			productName = Alamofire;
		};
		831AE0772B80E1ED00C5B6AF /* CombineMoya */ = {
			isa = XCSwiftPackageProductDependency;
			package = 831AE0762B80E1ED00C5B6AF /* XCRemoteSwiftPackageReference "Moya" */;
			productName = CombineMoya;
		};
		831AE0792B80E1ED00C5B6AF /* Moya */ = {
			isa = XCSwiftPackageProductDependency;
			package = 831AE0762B80E1ED00C5B6AF /* XCRemoteSwiftPackageReference "Moya" */;
			productName = Moya;
		};
		831AE07B2B80E1ED00C5B6AF /* ReactiveMoya */ = {
			isa = XCSwiftPackageProductDependency;
			package = 831AE0762B80E1ED00C5B6AF /* XCRemoteSwiftPackageReference "Moya" */;
			productName = ReactiveMoya;
		};
		831AE07D2B80E1ED00C5B6AF /* RxMoya */ = {
			isa = XCSwiftPackageProductDependency;
			package = 831AE0762B80E1ED00C5B6AF /* XCRemoteSwiftPackageReference "Moya" */;
			productName = RxMoya;
		};
		831AE0992B81236300C5B6AF /* CombineExt */ = {
			isa = XCSwiftPackageProductDependency;
			package = 831AE0982B81236300C5B6AF /* XCRemoteSwiftPackageReference "CombineExt" */;
			productName = CombineExt;
		};
		83F740742BA06BEA004BA2F4 /* SDWebImageSwiftUI */ = {
			isa = XCSwiftPackageProductDependency;
			package = 83F740732BA06BEA004BA2F4 /* XCRemoteSwiftPackageReference "SDWebImageSwiftUI" */;
			productName = SDWebImageSwiftUI;
		};
/* End XCSwiftPackageProductDependency section */
	};
	rootObject = 83103EA42B7F574300932A96 /* Project object */;
}
